// !$*UTF8*$!
{
	archiveVersion = 1;
	classes = {
	};
	objectVersion = 46;
	objects = {

/* Begin PBXBuildFile section */
		3C02F4601D911BEB0085054B /* HomeHeadView.m in Sources */ = {isa = PBXBuildFile; fileRef = 3C02F45F1D911BEB0085054B /* HomeHeadView.m */; };
		3C02F4631D911C840085054B /* HotView.m in Sources */ = {isa = PBXBuildFile; fileRef = 3C02F4621D911C840085054B /* HotView.m */; };
		3C02F4661D911C9F0085054B /* PageScrollView.m in Sources */ = {isa = PBXBuildFile; fileRef = 3C02F4651D911C9F0085054B /* PageScrollView.m */; };
		3C02F4691D911CB20085054B /* BrandView.m in Sources */ = {isa = PBXBuildFile; fileRef = 3C02F4681D911CB20085054B /* BrandView.m */; };
		3C02F46C1D911CC70085054B /* HeadlineView.m in Sources */ = {isa = PBXBuildFile; fileRef = 3C02F46B1D911CC70085054B /* HeadlineView.m */; };
		3C02F46F1D9122570085054B /* HomeHeadData.m in Sources */ = {isa = PBXBuildFile; fileRef = 3C02F46E1D9122570085054B /* HomeHeadData.m */; };
		3C02F4721D9128E20085054B /* Activity.m in Sources */ = {isa = PBXBuildFile; fileRef = 3C02F4711D9128E20085054B /* Activity.m */; };
		3C365B9F1D92196300E6AF80 /* IconImageTextView.m in Sources */ = {isa = PBXBuildFile; fileRef = 3C365B9E1D92196300E6AF80 /* IconImageTextView.m */; };
		3C365BA21D9234B800E6AF80 /* HeadlinePageView.m in Sources */ = {isa = PBXBuildFile; fileRef = 3C365BA11D9234B800E6AF80 /* HeadlinePageView.m */; };
		3C365BA51D92507700E6AF80 /* HomeCell.m in Sources */ = {isa = PBXBuildFile; fileRef = 3C365BA41D92507700E6AF80 /* HomeCell.m */; };
		3C365BAA1D92512100E6AF80 /* HomeHeaderCell.m in Sources */ = {isa = PBXBuildFile; fileRef = 3C365BA91D92512100E6AF80 /* HomeHeaderCell.m */; };
		3C365BAD1D92516100E6AF80 /* HomeCategoryCell.m in Sources */ = {isa = PBXBuildFile; fileRef = 3C365BAC1D92516100E6AF80 /* HomeCategoryCell.m */; };
		3C365BB01D9251BC00E6AF80 /* XYRefreshHeader.m in Sources */ = {isa = PBXBuildFile; fileRef = 3C365BAF1D9251BC00E6AF80 /* XYRefreshHeader.m */; };
		3C365BB31D9251F600E6AF80 /* WebViewController.m in Sources */ = {isa = PBXBuildFile; fileRef = 3C365BB21D9251F600E6AF80 /* WebViewController.m */; };
		3C365BB61D92850800E6AF80 /* HomeCellTitleView.m in Sources */ = {isa = PBXBuildFile; fileRef = 3C365BB51D92850800E6AF80 /* HomeCellTitleView.m */; };
		3C365BB91D92852600E6AF80 /* HomeCellGoodsView.m in Sources */ = {isa = PBXBuildFile; fileRef = 3C365BB81D92852600E6AF80 /* HomeCellGoodsView.m */; };
		3C365BBC1D928CC700E6AF80 /* UIColor+Extension.m in Sources */ = {isa = PBXBuildFile; fileRef = 3C365BBB1D928CC700E6AF80 /* UIColor+Extension.m */; };
		3C4BA7EA1D9377F800E53AB9 /* HeadlineContentView.m in Sources */ = {isa = PBXBuildFile; fileRef = 3C4BA7E91D9377F800E53AB9 /* HeadlineContentView.m */; };
		3C4BA7ED1D938EAE00E53AB9 /* BuyView.m in Sources */ = {isa = PBXBuildFile; fileRef = 3C4BA7EC1D938EAE00E53AB9 /* BuyView.m */; };
		3C4BA7F01D938EC800E53AB9 /* DiscountPriceView.m in Sources */ = {isa = PBXBuildFile; fileRef = 3C4BA7EF1D938EC800E53AB9 /* DiscountPriceView.m */; };
		3C4BA7F51D93C2FE00E53AB9 /* NSString+Extension.m in Sources */ = {isa = PBXBuildFile; fileRef = 3C4BA7F41D93C2FE00E53AB9 /* NSString+Extension.m */; };
		3C7EAB711D8E827900803AC0 /* main.m in Sources */ = {isa = PBXBuildFile; fileRef = 3C7EAB701D8E827900803AC0 /* main.m */; };
		3C7EAB741D8E827900803AC0 /* AppDelegate.m in Sources */ = {isa = PBXBuildFile; fileRef = 3C7EAB731D8E827900803AC0 /* AppDelegate.m */; };
		3C7EAB7C1D8E827900803AC0 /* Assets.xcassets in Resources */ = {isa = PBXBuildFile; fileRef = 3C7EAB7B1D8E827900803AC0 /* Assets.xcassets */; };
		3C7EAB7F1D8E827900803AC0 /* LaunchScreen.storyboard in Resources */ = {isa = PBXBuildFile; fileRef = 3C7EAB7D1D8E827900803AC0 /* LaunchScreen.storyboard */; };
		3C7EAB8A1D8E827900803AC0 /* XYLoveFreshBeenTests.m in Sources */ = {isa = PBXBuildFile; fileRef = 3C7EAB891D8E827900803AC0 /* XYLoveFreshBeenTests.m */; };
		3C7EAB951D8E827900803AC0 /* XYLoveFreshBeenUITests.m in Sources */ = {isa = PBXBuildFile; fileRef = 3C7EAB941D8E827900803AC0 /* XYLoveFreshBeenUITests.m */; };
		3C7EABBF1D8E902500803AC0 /* XYAppConst.m in Sources */ = {isa = PBXBuildFile; fileRef = 3C7EABBE1D8E902500803AC0 /* XYAppConst.m */; };
		3C7EABC21D8E91E300803AC0 /* MainTabBarControll.m in Sources */ = {isa = PBXBuildFile; fileRef = 3C7EABC11D8E91E300803AC0 /* MainTabBarControll.m */; };
		3C7EABC81D8E924800803AC0 /* BaseViewController.m in Sources */ = {isa = PBXBuildFile; fileRef = 3C7EABC71D8E924800803AC0 /* BaseViewController.m */; };
		3C7EABCB1D8E929000803AC0 /* GuidePageController.m in Sources */ = {isa = PBXBuildFile; fileRef = 3C7EABCA1D8E929000803AC0 /* GuidePageController.m */; };
		3C7EABCE1D8EA34F00803AC0 /* GuideCell.m in Sources */ = {isa = PBXBuildFile; fileRef = 3C7EABCD1D8EA34F00803AC0 /* GuideCell.m */; };
		3CC8F7C11D8F93E400430135 /* BashNavigationController.m in Sources */ = {isa = PBXBuildFile; fileRef = 3CC8F7C01D8F93E400430135 /* BashNavigationController.m */; };
		3CC8F7C51D8F959700430135 /* SelectedAdressViewController.m in Sources */ = {isa = PBXBuildFile; fileRef = 3CC8F7C41D8F959700430135 /* SelectedAdressViewController.m */; };
		3CC8F7CB1D8F961E00430135 /* HomeViewController.m in Sources */ = {isa = PBXBuildFile; fileRef = 3CC8F7CA1D8F961E00430135 /* HomeViewController.m */; };
		3CC8F7CE1D8F965F00430135 /* FlashViewController.m in Sources */ = {isa = PBXBuildFile; fileRef = 3CC8F7CD1D8F965F00430135 /* FlashViewController.m */; };
		3CC8F7D11D8F968700430135 /* ShoppingViewController.m in Sources */ = {isa = PBXBuildFile; fileRef = 3CC8F7D01D8F968700430135 /* ShoppingViewController.m */; };
		3CC8F7D41D8F969900430135 /* MyViewController.m in Sources */ = {isa = PBXBuildFile; fileRef = 3CC8F7D31D8F969900430135 /* MyViewController.m */; };
		3CC8F7D71D8F9A6900430135 /* UserShopCarTool.m in Sources */ = {isa = PBXBuildFile; fileRef = 3CC8F7D61D8F9A6900430135 /* UserShopCarTool.m */; };
		3CC8F7DA1D8F9B7700430135 /* Goods.m in Sources */ = {isa = PBXBuildFile; fileRef = 3CC8F7D91D8F9B7700430135 /* Goods.m */; };
		3CC8F7DF1D8FD95B00430135 /* UIBarButtonItem+Butten.m in Sources */ = {isa = PBXBuildFile; fileRef = 3CC8F7DE1D8FD95B00430135 /* UIBarButtonItem+Butten.m */; };
		3CC8F7E21D8FDB6600430135 /* ItemLeftButten.m in Sources */ = {isa = PBXBuildFile; fileRef = 3CC8F7E11D8FDB6600430135 /* ItemLeftButten.m */; };
		3CC8F7E51D8FDEC700430135 /* AdressTitleView.m in Sources */ = {isa = PBXBuildFile; fileRef = 3CC8F7E41D8FDEC700430135 /* AdressTitleView.m */; };
		3CC8F7E81D8FDF1F00430135 /* AddressData.m in Sources */ = {isa = PBXBuildFile; fileRef = 3CC8F7E71D8FDF1F00430135 /* AddressData.m */; };
		3CC8F7EB1D8FE17000430135 /* UserInfo.m in Sources */ = {isa = PBXBuildFile; fileRef = 3CC8F7EA1D8FE17000430135 /* UserInfo.m */; };
		3CC8F7EE1D8FE42300430135 /* MyAdressViewController.m in Sources */ = {isa = PBXBuildFile; fileRef = 3CC8F7ED1D8FE42300430135 /* MyAdressViewController.m */; };
		3CC8F7F11D8FE4C000430135 /* AddressCell.m in Sources */ = {isa = PBXBuildFile; fileRef = 3CC8F7F01D8FE4C000430135 /* AddressCell.m */; };
		3CC8F8051D8FE54100430135 /* AD in Resources */ = {isa = PBXBuildFile; fileRef = 3CC8F7F31D8FE54100430135 /* AD */; };
		3CC8F8061D8FE54100430135 /* FocusURL.plist in Resources */ = {isa = PBXBuildFile; fileRef = 3CC8F7F41D8FE54100430135 /* FocusURL.plist */; };
		3CC8F8071D8FE54100430135 /* footerBanner in Resources */ = {isa = PBXBuildFile; fileRef = 3CC8F7F51D8FE54100430135 /* footerBanner */; };
		3CC8F8081D8FE54100430135 /* HelpPlist.plist in Resources */ = {isa = PBXBuildFile; fileRef = 3CC8F7F61D8FE54100430135 /* HelpPlist.plist */; };
		3CC8F8091D8FE54100430135 /* Mine in Resources */ = {isa = PBXBuildFile; fileRef = 3CC8F7F71D8FE54100430135 /* Mine */; };
		3CC8F80A1D8FE54100430135 /* MinePlist.plist in Resources */ = {isa = PBXBuildFile; fileRef = 3CC8F7F81D8FE54100430135 /* MinePlist.plist */; };
		3CC8F80B1D8FE54100430135 /* MyAdress in Resources */ = {isa = PBXBuildFile; fileRef = 3CC8F7F91D8FE54100430135 /* MyAdress */; };
		3CC8F80C1D8FE54100430135 /* MyCoupon in Resources */ = {isa = PBXBuildFile; fileRef = 3CC8F7FA1D8FE54100430135 /* MyCoupon */; };
		3CC8F80D1D8FE54100430135 /* MyOrders in Resources */ = {isa = PBXBuildFile; fileRef = 3CC8F7FB1D8FE54100430135 /* MyOrders */; };
		3CC8F80E1D8FE54100430135 /* Search in Resources */ = {isa = PBXBuildFile; fileRef = 3CC8F7FC1D8FE54100430135 /* Search */; };
		3CC8F80F1D8FE54100430135 /* SearchProduct in Resources */ = {isa = PBXBuildFile; fileRef = 3CC8F7FD1D8FE54100430135 /* SearchProduct */; };
		3CC8F8101D8FE54100430135 /* supermarket in Resources */ = {isa = PBXBuildFile; fileRef = 3CC8F7FE1D8FE54100430135 /* supermarket */; };
		3CC8F8111D8FE54100430135 /* SystemMessage in Resources */ = {isa = PBXBuildFile; fileRef = 3CC8F7FF1D8FE54100430135 /* SystemMessage */; };
		3CC8F8121D8FE54100430135 /* UserMessage in Resources */ = {isa = PBXBuildFile; fileRef = 3CC8F8001D8FE54100430135 /* UserMessage */; };
		3CC8F8131D8FE54100430135 /* 促销 in Resources */ = {isa = PBXBuildFile; fileRef = 3CC8F8011D8FE54100430135 /* 促销 */; };
		3CC8F8141D8FE54100430135 /* 系统消息 in Resources */ = {isa = PBXBuildFile; fileRef = 3CC8F8021D8FE54100430135 /* 系统消息 */; };
		3CC8F8151D8FE54100430135 /* 首页新鲜热卖 in Resources */ = {isa = PBXBuildFile; fileRef = 3CC8F8031D8FE54100430135 /* 首页新鲜热卖 */; };
		3CC8F8161D8FE54100430135 /* 首页热卖 in Resources */ = {isa = PBXBuildFile; fileRef = 3CC8F8041D8FE54100430135 /* 首页热卖 */; };
		7293EED5028E9C32F5EAEB77 /* libPods-XYLoveFreshBeenUITests.a in Frameworks */ = {isa = PBXBuildFile; fileRef = 1CEC107D1CFCC5CF30F3DB6E /* libPods-XYLoveFreshBeenUITests.a */; };
		AC60CB3F78B1F6EC27EB0998 /* libPods-XYLoveFreshBeenTests.a in Frameworks */ = {isa = PBXBuildFile; fileRef = FE830DC6E78515C1DB74897E /* libPods-XYLoveFreshBeenTests.a */; };
		E5485BFCA7F9AF09568C73FB /* libPods-XYLoveFreshBeen.a in Frameworks */ = {isa = PBXBuildFile; fileRef = EFAE2D2FA67D9E4ECDB7733C /* libPods-XYLoveFreshBeen.a */; };
/* End PBXBuildFile section */

/* Begin PBXContainerItemProxy section */
		3C7EAB861D8E827900803AC0 /* PBXContainerItemProxy */ = {
			isa = PBXContainerItemProxy;
			containerPortal = 3C7EAB641D8E827900803AC0 /* Project object */;
			proxyType = 1;
			remoteGlobalIDString = 3C7EAB6B1D8E827900803AC0;
			remoteInfo = XYLoveFreshBeen;
		};
		3C7EAB911D8E827900803AC0 /* PBXContainerItemProxy */ = {
			isa = PBXContainerItemProxy;
			containerPortal = 3C7EAB641D8E827900803AC0 /* Project object */;
			proxyType = 1;
			remoteGlobalIDString = 3C7EAB6B1D8E827900803AC0;
			remoteInfo = XYLoveFreshBeen;
		};
/* End PBXContainerItemProxy section */

/* Begin PBXFileReference section */
		1CEC107D1CFCC5CF30F3DB6E /* libPods-XYLoveFreshBeenUITests.a */ = {isa = PBXFileReference; explicitFileType = archive.ar; includeInIndex = 0; path = "libPods-XYLoveFreshBeenUITests.a"; sourceTree = BUILT_PRODUCTS_DIR; };
		2671DB6BC5C200D095A02185 /* Pods-XYLoveFreshBeen.release.xcconfig */ = {isa = PBXFileReference; includeInIndex = 1; lastKnownFileType = text.xcconfig; name = "Pods-XYLoveFreshBeen.release.xcconfig"; path = "Pods/Target Support Files/Pods-XYLoveFreshBeen/Pods-XYLoveFreshBeen.release.xcconfig"; sourceTree = "<group>"; };
		322A0D2E94F1624098C5077D /* Pods-XYLoveFreshBeenUITests.release.xcconfig */ = {isa = PBXFileReference; includeInIndex = 1; lastKnownFileType = text.xcconfig; name = "Pods-XYLoveFreshBeenUITests.release.xcconfig"; path = "Pods/Target Support Files/Pods-XYLoveFreshBeenUITests/Pods-XYLoveFreshBeenUITests.release.xcconfig"; sourceTree = "<group>"; };
		3C02F45E1D911BEB0085054B /* HomeHeadView.h */ = {isa = PBXFileReference; fileEncoding = 4; lastKnownFileType = sourcecode.c.h; path = HomeHeadView.h; sourceTree = "<group>"; };
		3C02F45F1D911BEB0085054B /* HomeHeadView.m */ = {isa = PBXFileReference; fileEncoding = 4; lastKnownFileType = sourcecode.c.objc; path = HomeHeadView.m; sourceTree = "<group>"; };
		3C02F4611D911C840085054B /* HotView.h */ = {isa = PBXFileReference; fileEncoding = 4; lastKnownFileType = sourcecode.c.h; path = HotView.h; sourceTree = "<group>"; };
		3C02F4621D911C840085054B /* HotView.m */ = {isa = PBXFileReference; fileEncoding = 4; lastKnownFileType = sourcecode.c.objc; path = HotView.m; sourceTree = "<group>"; };
		3C02F4641D911C9F0085054B /* PageScrollView.h */ = {isa = PBXFileReference; fileEncoding = 4; lastKnownFileType = sourcecode.c.h; path = PageScrollView.h; sourceTree = "<group>"; };
		3C02F4651D911C9F0085054B /* PageScrollView.m */ = {isa = PBXFileReference; fileEncoding = 4; lastKnownFileType = sourcecode.c.objc; path = PageScrollView.m; sourceTree = "<group>"; };
		3C02F4671D911CB20085054B /* BrandView.h */ = {isa = PBXFileReference; fileEncoding = 4; lastKnownFileType = sourcecode.c.h; path = BrandView.h; sourceTree = "<group>"; };
		3C02F4681D911CB20085054B /* BrandView.m */ = {isa = PBXFileReference; fileEncoding = 4; lastKnownFileType = sourcecode.c.objc; path = BrandView.m; sourceTree = "<group>"; };
		3C02F46A1D911CC70085054B /* HeadlineView.h */ = {isa = PBXFileReference; fileEncoding = 4; lastKnownFileType = sourcecode.c.h; path = HeadlineView.h; sourceTree = "<group>"; };
		3C02F46B1D911CC70085054B /* HeadlineView.m */ = {isa = PBXFileReference; fileEncoding = 4; lastKnownFileType = sourcecode.c.objc; path = HeadlineView.m; sourceTree = "<group>"; };
		3C02F46D1D9122570085054B /* HomeHeadData.h */ = {isa = PBXFileReference; fileEncoding = 4; lastKnownFileType = sourcecode.c.h; path = HomeHeadData.h; sourceTree = "<group>"; };
		3C02F46E1D9122570085054B /* HomeHeadData.m */ = {isa = PBXFileReference; fileEncoding = 4; lastKnownFileType = sourcecode.c.objc; path = HomeHeadData.m; sourceTree = "<group>"; };
		3C02F4701D9128E20085054B /* Activity.h */ = {isa = PBXFileReference; fileEncoding = 4; lastKnownFileType = sourcecode.c.h; path = Activity.h; sourceTree = "<group>"; };
		3C02F4711D9128E20085054B /* Activity.m */ = {isa = PBXFileReference; fileEncoding = 4; lastKnownFileType = sourcecode.c.objc; path = Activity.m; sourceTree = "<group>"; };
		3C365B9D1D92196300E6AF80 /* IconImageTextView.h */ = {isa = PBXFileReference; fileEncoding = 4; lastKnownFileType = sourcecode.c.h; path = IconImageTextView.h; sourceTree = "<group>"; };
		3C365B9E1D92196300E6AF80 /* IconImageTextView.m */ = {isa = PBXFileReference; fileEncoding = 4; lastKnownFileType = sourcecode.c.objc; path = IconImageTextView.m; sourceTree = "<group>"; };
		3C365BA01D9234B800E6AF80 /* HeadlinePageView.h */ = {isa = PBXFileReference; fileEncoding = 4; lastKnownFileType = sourcecode.c.h; path = HeadlinePageView.h; sourceTree = "<group>"; };
		3C365BA11D9234B800E6AF80 /* HeadlinePageView.m */ = {isa = PBXFileReference; fileEncoding = 4; lastKnownFileType = sourcecode.c.objc; path = HeadlinePageView.m; sourceTree = "<group>"; };
		3C365BA31D92507700E6AF80 /* HomeCell.h */ = {isa = PBXFileReference; fileEncoding = 4; lastKnownFileType = sourcecode.c.h; path = HomeCell.h; sourceTree = "<group>"; };
		3C365BA41D92507700E6AF80 /* HomeCell.m */ = {isa = PBXFileReference; fileEncoding = 4; lastKnownFileType = sourcecode.c.objc; path = HomeCell.m; sourceTree = "<group>"; };
		3C365BA81D92512100E6AF80 /* HomeHeaderCell.h */ = {isa = PBXFileReference; fileEncoding = 4; lastKnownFileType = sourcecode.c.h; path = HomeHeaderCell.h; sourceTree = "<group>"; };
		3C365BA91D92512100E6AF80 /* HomeHeaderCell.m */ = {isa = PBXFileReference; fileEncoding = 4; lastKnownFileType = sourcecode.c.objc; path = HomeHeaderCell.m; sourceTree = "<group>"; };
		3C365BAB1D92516100E6AF80 /* HomeCategoryCell.h */ = {isa = PBXFileReference; fileEncoding = 4; lastKnownFileType = sourcecode.c.h; path = HomeCategoryCell.h; sourceTree = "<group>"; };
		3C365BAC1D92516100E6AF80 /* HomeCategoryCell.m */ = {isa = PBXFileReference; fileEncoding = 4; lastKnownFileType = sourcecode.c.objc; path = HomeCategoryCell.m; sourceTree = "<group>"; };
		3C365BAE1D9251BC00E6AF80 /* XYRefreshHeader.h */ = {isa = PBXFileReference; fileEncoding = 4; lastKnownFileType = sourcecode.c.h; path = XYRefreshHeader.h; sourceTree = "<group>"; };
		3C365BAF1D9251BC00E6AF80 /* XYRefreshHeader.m */ = {isa = PBXFileReference; fileEncoding = 4; lastKnownFileType = sourcecode.c.objc; path = XYRefreshHeader.m; sourceTree = "<group>"; };
		3C365BB11D9251F600E6AF80 /* WebViewController.h */ = {isa = PBXFileReference; fileEncoding = 4; lastKnownFileType = sourcecode.c.h; path = WebViewController.h; sourceTree = "<group>"; };
		3C365BB21D9251F600E6AF80 /* WebViewController.m */ = {isa = PBXFileReference; fileEncoding = 4; lastKnownFileType = sourcecode.c.objc; path = WebViewController.m; sourceTree = "<group>"; };
		3C365BB41D92850800E6AF80 /* HomeCellTitleView.h */ = {isa = PBXFileReference; fileEncoding = 4; lastKnownFileType = sourcecode.c.h; path = HomeCellTitleView.h; sourceTree = "<group>"; };
		3C365BB51D92850800E6AF80 /* HomeCellTitleView.m */ = {isa = PBXFileReference; fileEncoding = 4; lastKnownFileType = sourcecode.c.objc; path = HomeCellTitleView.m; sourceTree = "<group>"; };
		3C365BB71D92852600E6AF80 /* HomeCellGoodsView.h */ = {isa = PBXFileReference; fileEncoding = 4; lastKnownFileType = sourcecode.c.h; path = HomeCellGoodsView.h; sourceTree = "<group>"; };
		3C365BB81D92852600E6AF80 /* HomeCellGoodsView.m */ = {isa = PBXFileReference; fileEncoding = 4; lastKnownFileType = sourcecode.c.objc; path = HomeCellGoodsView.m; sourceTree = "<group>"; };
		3C365BBA1D928CC700E6AF80 /* UIColor+Extension.h */ = {isa = PBXFileReference; fileEncoding = 4; lastKnownFileType = sourcecode.c.h; path = "UIColor+Extension.h"; sourceTree = "<group>"; };
		3C365BBB1D928CC700E6AF80 /* UIColor+Extension.m */ = {isa = PBXFileReference; fileEncoding = 4; lastKnownFileType = sourcecode.c.objc; path = "UIColor+Extension.m"; sourceTree = "<group>"; };
		3C4BA7E81D9377F800E53AB9 /* HeadlineContentView.h */ = {isa = PBXFileReference; fileEncoding = 4; lastKnownFileType = sourcecode.c.h; path = HeadlineContentView.h; sourceTree = "<group>"; };
		3C4BA7E91D9377F800E53AB9 /* HeadlineContentView.m */ = {isa = PBXFileReference; fileEncoding = 4; lastKnownFileType = sourcecode.c.objc; path = HeadlineContentView.m; sourceTree = "<group>"; };
		3C4BA7EB1D938EAE00E53AB9 /* BuyView.h */ = {isa = PBXFileReference; fileEncoding = 4; lastKnownFileType = sourcecode.c.h; path = BuyView.h; sourceTree = "<group>"; };
		3C4BA7EC1D938EAE00E53AB9 /* BuyView.m */ = {isa = PBXFileReference; fileEncoding = 4; lastKnownFileType = sourcecode.c.objc; path = BuyView.m; sourceTree = "<group>"; };
		3C4BA7EE1D938EC800E53AB9 /* DiscountPriceView.h */ = {isa = PBXFileReference; fileEncoding = 4; lastKnownFileType = sourcecode.c.h; path = DiscountPriceView.h; sourceTree = "<group>"; };
		3C4BA7EF1D938EC800E53AB9 /* DiscountPriceView.m */ = {isa = PBXFileReference; fileEncoding = 4; lastKnownFileType = sourcecode.c.objc; path = DiscountPriceView.m; sourceTree = "<group>"; };
		3C4BA7F31D93C2FE00E53AB9 /* NSString+Extension.h */ = {isa = PBXFileReference; fileEncoding = 4; lastKnownFileType = sourcecode.c.h; path = "NSString+Extension.h"; sourceTree = "<group>"; };
		3C4BA7F41D93C2FE00E53AB9 /* NSString+Extension.m */ = {isa = PBXFileReference; fileEncoding = 4; lastKnownFileType = sourcecode.c.objc; path = "NSString+Extension.m"; sourceTree = "<group>"; };
		3C7EAB6C1D8E827900803AC0 /* XYLoveFreshBeen.app */ = {isa = PBXFileReference; explicitFileType = wrapper.application; includeInIndex = 0; path = XYLoveFreshBeen.app; sourceTree = BUILT_PRODUCTS_DIR; };
		3C7EAB701D8E827900803AC0 /* main.m */ = {isa = PBXFileReference; lastKnownFileType = sourcecode.c.objc; path = main.m; sourceTree = "<group>"; };
		3C7EAB721D8E827900803AC0 /* AppDelegate.h */ = {isa = PBXFileReference; lastKnownFileType = sourcecode.c.h; path = AppDelegate.h; sourceTree = "<group>"; };
		3C7EAB731D8E827900803AC0 /* AppDelegate.m */ = {isa = PBXFileReference; lastKnownFileType = sourcecode.c.objc; path = AppDelegate.m; sourceTree = "<group>"; };
		3C7EAB7B1D8E827900803AC0 /* Assets.xcassets */ = {isa = PBXFileReference; lastKnownFileType = folder.assetcatalog; path = Assets.xcassets; sourceTree = "<group>"; };
		3C7EAB7E1D8E827900803AC0 /* Base */ = {isa = PBXFileReference; lastKnownFileType = file.storyboard; name = Base; path = Base.lproj/LaunchScreen.storyboard; sourceTree = "<group>"; };
		3C7EAB801D8E827900803AC0 /* Info.plist */ = {isa = PBXFileReference; lastKnownFileType = text.plist.xml; path = Info.plist; sourceTree = "<group>"; };
		3C7EAB851D8E827900803AC0 /* XYLoveFreshBeenTests.xctest */ = {isa = PBXFileReference; explicitFileType = wrapper.cfbundle; includeInIndex = 0; path = XYLoveFreshBeenTests.xctest; sourceTree = BUILT_PRODUCTS_DIR; };
		3C7EAB891D8E827900803AC0 /* XYLoveFreshBeenTests.m */ = {isa = PBXFileReference; lastKnownFileType = sourcecode.c.objc; path = XYLoveFreshBeenTests.m; sourceTree = "<group>"; };
		3C7EAB8B1D8E827900803AC0 /* Info.plist */ = {isa = PBXFileReference; lastKnownFileType = text.plist.xml; path = Info.plist; sourceTree = "<group>"; };
		3C7EAB901D8E827900803AC0 /* XYLoveFreshBeenUITests.xctest */ = {isa = PBXFileReference; explicitFileType = wrapper.cfbundle; includeInIndex = 0; path = XYLoveFreshBeenUITests.xctest; sourceTree = BUILT_PRODUCTS_DIR; };
		3C7EAB941D8E827900803AC0 /* XYLoveFreshBeenUITests.m */ = {isa = PBXFileReference; lastKnownFileType = sourcecode.c.objc; path = XYLoveFreshBeenUITests.m; sourceTree = "<group>"; };
		3C7EAB961D8E827900803AC0 /* Info.plist */ = {isa = PBXFileReference; lastKnownFileType = text.plist.xml; path = Info.plist; sourceTree = "<group>"; };
		3C7EABB31D8E85CC00803AC0 /* PrefixHeader.pch */ = {isa = PBXFileReference; lastKnownFileType = sourcecode.c.h; path = PrefixHeader.pch; sourceTree = "<group>"; };
		3C7EABBD1D8E902500803AC0 /* XYAppConst.h */ = {isa = PBXFileReference; fileEncoding = 4; lastKnownFileType = sourcecode.c.h; path = XYAppConst.h; sourceTree = "<group>"; };
		3C7EABBE1D8E902500803AC0 /* XYAppConst.m */ = {isa = PBXFileReference; fileEncoding = 4; lastKnownFileType = sourcecode.c.objc; path = XYAppConst.m; sourceTree = "<group>"; };
		3C7EABC01D8E91E300803AC0 /* MainTabBarControll.h */ = {isa = PBXFileReference; fileEncoding = 4; lastKnownFileType = sourcecode.c.h; path = MainTabBarControll.h; sourceTree = "<group>"; };
		3C7EABC11D8E91E300803AC0 /* MainTabBarControll.m */ = {isa = PBXFileReference; fileEncoding = 4; lastKnownFileType = sourcecode.c.objc; path = MainTabBarControll.m; sourceTree = "<group>"; };
		3C7EABC61D8E924800803AC0 /* BaseViewController.h */ = {isa = PBXFileReference; fileEncoding = 4; lastKnownFileType = sourcecode.c.h; path = BaseViewController.h; sourceTree = "<group>"; };
		3C7EABC71D8E924800803AC0 /* BaseViewController.m */ = {isa = PBXFileReference; fileEncoding = 4; lastKnownFileType = sourcecode.c.objc; path = BaseViewController.m; sourceTree = "<group>"; };
		3C7EABC91D8E929000803AC0 /* GuidePageController.h */ = {isa = PBXFileReference; fileEncoding = 4; lastKnownFileType = sourcecode.c.h; path = GuidePageController.h; sourceTree = "<group>"; };
		3C7EABCA1D8E929000803AC0 /* GuidePageController.m */ = {isa = PBXFileReference; fileEncoding = 4; lastKnownFileType = sourcecode.c.objc; path = GuidePageController.m; sourceTree = "<group>"; };
		3C7EABCC1D8EA34F00803AC0 /* GuideCell.h */ = {isa = PBXFileReference; fileEncoding = 4; lastKnownFileType = sourcecode.c.h; path = GuideCell.h; sourceTree = "<group>"; };
		3C7EABCD1D8EA34F00803AC0 /* GuideCell.m */ = {isa = PBXFileReference; fileEncoding = 4; lastKnownFileType = sourcecode.c.objc; path = GuideCell.m; sourceTree = "<group>"; };
		3CC8F7BF1D8F93E400430135 /* BashNavigationController.h */ = {isa = PBXFileReference; fileEncoding = 4; lastKnownFileType = sourcecode.c.h; path = BashNavigationController.h; sourceTree = "<group>"; };
		3CC8F7C01D8F93E400430135 /* BashNavigationController.m */ = {isa = PBXFileReference; fileEncoding = 4; lastKnownFileType = sourcecode.c.objc; path = BashNavigationController.m; sourceTree = "<group>"; };
		3CC8F7C31D8F959700430135 /* SelectedAdressViewController.h */ = {isa = PBXFileReference; fileEncoding = 4; lastKnownFileType = sourcecode.c.h; path = SelectedAdressViewController.h; sourceTree = "<group>"; };
		3CC8F7C41D8F959700430135 /* SelectedAdressViewController.m */ = {isa = PBXFileReference; fileEncoding = 4; lastKnownFileType = sourcecode.c.objc; path = SelectedAdressViewController.m; sourceTree = "<group>"; };
		3CC8F7C91D8F961E00430135 /* HomeViewController.h */ = {isa = PBXFileReference; fileEncoding = 4; lastKnownFileType = sourcecode.c.h; path = HomeViewController.h; sourceTree = "<group>"; };
		3CC8F7CA1D8F961E00430135 /* HomeViewController.m */ = {isa = PBXFileReference; fileEncoding = 4; lastKnownFileType = sourcecode.c.objc; path = HomeViewController.m; sourceTree = "<group>"; };
		3CC8F7CC1D8F965F00430135 /* FlashViewController.h */ = {isa = PBXFileReference; fileEncoding = 4; lastKnownFileType = sourcecode.c.h; path = FlashViewController.h; sourceTree = "<group>"; };
		3CC8F7CD1D8F965F00430135 /* FlashViewController.m */ = {isa = PBXFileReference; fileEncoding = 4; lastKnownFileType = sourcecode.c.objc; path = FlashViewController.m; sourceTree = "<group>"; };
		3CC8F7CF1D8F968700430135 /* ShoppingViewController.h */ = {isa = PBXFileReference; fileEncoding = 4; lastKnownFileType = sourcecode.c.h; path = ShoppingViewController.h; sourceTree = "<group>"; };
		3CC8F7D01D8F968700430135 /* ShoppingViewController.m */ = {isa = PBXFileReference; fileEncoding = 4; lastKnownFileType = sourcecode.c.objc; path = ShoppingViewController.m; sourceTree = "<group>"; };
		3CC8F7D21D8F969900430135 /* MyViewController.h */ = {isa = PBXFileReference; fileEncoding = 4; lastKnownFileType = sourcecode.c.h; path = MyViewController.h; sourceTree = "<group>"; };
		3CC8F7D31D8F969900430135 /* MyViewController.m */ = {isa = PBXFileReference; fileEncoding = 4; lastKnownFileType = sourcecode.c.objc; path = MyViewController.m; sourceTree = "<group>"; };
		3CC8F7D51D8F9A6900430135 /* UserShopCarTool.h */ = {isa = PBXFileReference; fileEncoding = 4; lastKnownFileType = sourcecode.c.h; path = UserShopCarTool.h; sourceTree = "<group>"; };
		3CC8F7D61D8F9A6900430135 /* UserShopCarTool.m */ = {isa = PBXFileReference; fileEncoding = 4; lastKnownFileType = sourcecode.c.objc; path = UserShopCarTool.m; sourceTree = "<group>"; };
		3CC8F7D81D8F9B7700430135 /* Goods.h */ = {isa = PBXFileReference; fileEncoding = 4; lastKnownFileType = sourcecode.c.h; path = Goods.h; sourceTree = "<group>"; };
		3CC8F7D91D8F9B7700430135 /* Goods.m */ = {isa = PBXFileReference; fileEncoding = 4; lastKnownFileType = sourcecode.c.objc; path = Goods.m; sourceTree = "<group>"; };
		3CC8F7DD1D8FD95B00430135 /* UIBarButtonItem+Butten.h */ = {isa = PBXFileReference; fileEncoding = 4; lastKnownFileType = sourcecode.c.h; path = "UIBarButtonItem+Butten.h"; sourceTree = "<group>"; };
		3CC8F7DE1D8FD95B00430135 /* UIBarButtonItem+Butten.m */ = {isa = PBXFileReference; fileEncoding = 4; lastKnownFileType = sourcecode.c.objc; path = "UIBarButtonItem+Butten.m"; sourceTree = "<group>"; };
		3CC8F7E01D8FDB6600430135 /* ItemLeftButten.h */ = {isa = PBXFileReference; fileEncoding = 4; lastKnownFileType = sourcecode.c.h; path = ItemLeftButten.h; sourceTree = "<group>"; };
		3CC8F7E11D8FDB6600430135 /* ItemLeftButten.m */ = {isa = PBXFileReference; fileEncoding = 4; lastKnownFileType = sourcecode.c.objc; path = ItemLeftButten.m; sourceTree = "<group>"; };
		3CC8F7E31D8FDEC700430135 /* AdressTitleView.h */ = {isa = PBXFileReference; fileEncoding = 4; lastKnownFileType = sourcecode.c.h; path = AdressTitleView.h; sourceTree = "<group>"; };
		3CC8F7E41D8FDEC700430135 /* AdressTitleView.m */ = {isa = PBXFileReference; fileEncoding = 4; lastKnownFileType = sourcecode.c.objc; path = AdressTitleView.m; sourceTree = "<group>"; };
		3CC8F7E61D8FDF1F00430135 /* AddressData.h */ = {isa = PBXFileReference; fileEncoding = 4; lastKnownFileType = sourcecode.c.h; path = AddressData.h; sourceTree = "<group>"; };
		3CC8F7E71D8FDF1F00430135 /* AddressData.m */ = {isa = PBXFileReference; fileEncoding = 4; lastKnownFileType = sourcecode.c.objc; path = AddressData.m; sourceTree = "<group>"; };
		3CC8F7E91D8FE17000430135 /* UserInfo.h */ = {isa = PBXFileReference; fileEncoding = 4; lastKnownFileType = sourcecode.c.h; path = UserInfo.h; sourceTree = "<group>"; };
		3CC8F7EA1D8FE17000430135 /* UserInfo.m */ = {isa = PBXFileReference; fileEncoding = 4; lastKnownFileType = sourcecode.c.objc; path = UserInfo.m; sourceTree = "<group>"; };
		3CC8F7EC1D8FE42300430135 /* MyAdressViewController.h */ = {isa = PBXFileReference; fileEncoding = 4; lastKnownFileType = sourcecode.c.h; path = MyAdressViewController.h; sourceTree = "<group>"; };
		3CC8F7ED1D8FE42300430135 /* MyAdressViewController.m */ = {isa = PBXFileReference; fileEncoding = 4; lastKnownFileType = sourcecode.c.objc; path = MyAdressViewController.m; sourceTree = "<group>"; };
		3CC8F7EF1D8FE4BF00430135 /* AddressCell.h */ = {isa = PBXFileReference; fileEncoding = 4; lastKnownFileType = sourcecode.c.h; path = AddressCell.h; sourceTree = "<group>"; };
		3CC8F7F01D8FE4C000430135 /* AddressCell.m */ = {isa = PBXFileReference; fileEncoding = 4; lastKnownFileType = sourcecode.c.objc; path = AddressCell.m; sourceTree = "<group>"; };
		3CC8F7F31D8FE54100430135 /* AD */ = {isa = PBXFileReference; fileEncoding = 4; lastKnownFileType = text; path = AD; sourceTree = "<group>"; };
		3CC8F7F41D8FE54100430135 /* FocusURL.plist */ = {isa = PBXFileReference; fileEncoding = 4; lastKnownFileType = text.plist.xml; path = FocusURL.plist; sourceTree = "<group>"; };
		3CC8F7F51D8FE54100430135 /* footerBanner */ = {isa = PBXFileReference; fileEncoding = 4; lastKnownFileType = text; path = footerBanner; sourceTree = "<group>"; };
		3CC8F7F61D8FE54100430135 /* HelpPlist.plist */ = {isa = PBXFileReference; fileEncoding = 4; lastKnownFileType = text.plist.xml; path = HelpPlist.plist; sourceTree = "<group>"; };
		3CC8F7F71D8FE54100430135 /* Mine */ = {isa = PBXFileReference; fileEncoding = 4; lastKnownFileType = text; path = Mine; sourceTree = "<group>"; };
		3CC8F7F81D8FE54100430135 /* MinePlist.plist */ = {isa = PBXFileReference; fileEncoding = 4; lastKnownFileType = text.plist.xml; path = MinePlist.plist; sourceTree = "<group>"; };
		3CC8F7F91D8FE54100430135 /* MyAdress */ = {isa = PBXFileReference; fileEncoding = 4; lastKnownFileType = text; path = MyAdress; sourceTree = "<group>"; };
		3CC8F7FA1D8FE54100430135 /* MyCoupon */ = {isa = PBXFileReference; fileEncoding = 4; lastKnownFileType = text; path = MyCoupon; sourceTree = "<group>"; };
		3CC8F7FB1D8FE54100430135 /* MyOrders */ = {isa = PBXFileReference; fileEncoding = 4; lastKnownFileType = text; path = MyOrders; sourceTree = "<group>"; };
		3CC8F7FC1D8FE54100430135 /* Search */ = {isa = PBXFileReference; fileEncoding = 4; lastKnownFileType = text; path = Search; sourceTree = "<group>"; };
		3CC8F7FD1D8FE54100430135 /* SearchProduct */ = {isa = PBXFileReference; fileEncoding = 4; lastKnownFileType = text; path = SearchProduct; sourceTree = "<group>"; };
		3CC8F7FE1D8FE54100430135 /* supermarket */ = {isa = PBXFileReference; fileEncoding = 4; lastKnownFileType = text; path = supermarket; sourceTree = "<group>"; };
		3CC8F7FF1D8FE54100430135 /* SystemMessage */ = {isa = PBXFileReference; fileEncoding = 4; lastKnownFileType = text; path = SystemMessage; sourceTree = "<group>"; };
		3CC8F8001D8FE54100430135 /* UserMessage */ = {isa = PBXFileReference; fileEncoding = 4; lastKnownFileType = text; path = UserMessage; sourceTree = "<group>"; };
		3CC8F8011D8FE54100430135 /* 促销 */ = {isa = PBXFileReference; fileEncoding = 4; lastKnownFileType = text; path = "促销"; sourceTree = "<group>"; };
		3CC8F8021D8FE54100430135 /* 系统消息 */ = {isa = PBXFileReference; fileEncoding = 4; lastKnownFileType = text; path = "系统消息"; sourceTree = "<group>"; };
		3CC8F8031D8FE54100430135 /* 首页新鲜热卖 */ = {isa = PBXFileReference; fileEncoding = 4; lastKnownFileType = text; path = "首页新鲜热卖"; sourceTree = "<group>"; };
		3CC8F8041D8FE54100430135 /* 首页热卖 */ = {isa = PBXFileReference; fileEncoding = 4; lastKnownFileType = text; path = "首页热卖"; sourceTree = "<group>"; };
		69B9046792D482E42B58E2F3 /* Pods-XYLoveFreshBeenTests.debug.xcconfig */ = {isa = PBXFileReference; includeInIndex = 1; lastKnownFileType = text.xcconfig; name = "Pods-XYLoveFreshBeenTests.debug.xcconfig"; path = "Pods/Target Support Files/Pods-XYLoveFreshBeenTests/Pods-XYLoveFreshBeenTests.debug.xcconfig"; sourceTree = "<group>"; };
		6BFC1EE48BC8EE031D209173 /* Pods-XYLoveFreshBeenUITests.debug.xcconfig */ = {isa = PBXFileReference; includeInIndex = 1; lastKnownFileType = text.xcconfig; name = "Pods-XYLoveFreshBeenUITests.debug.xcconfig"; path = "Pods/Target Support Files/Pods-XYLoveFreshBeenUITests/Pods-XYLoveFreshBeenUITests.debug.xcconfig"; sourceTree = "<group>"; };
		8D1C65F55864DFA11AD5DEE9 /* Pods-XYLoveFreshBeen.debug.xcconfig */ = {isa = PBXFileReference; includeInIndex = 1; lastKnownFileType = text.xcconfig; name = "Pods-XYLoveFreshBeen.debug.xcconfig"; path = "Pods/Target Support Files/Pods-XYLoveFreshBeen/Pods-XYLoveFreshBeen.debug.xcconfig"; sourceTree = "<group>"; };
		E621F9CF908DA473B3CDCA45 /* Pods-XYLoveFreshBeenTests.release.xcconfig */ = {isa = PBXFileReference; includeInIndex = 1; lastKnownFileType = text.xcconfig; name = "Pods-XYLoveFreshBeenTests.release.xcconfig"; path = "Pods/Target Support Files/Pods-XYLoveFreshBeenTests/Pods-XYLoveFreshBeenTests.release.xcconfig"; sourceTree = "<group>"; };
		EFAE2D2FA67D9E4ECDB7733C /* libPods-XYLoveFreshBeen.a */ = {isa = PBXFileReference; explicitFileType = archive.ar; includeInIndex = 0; path = "libPods-XYLoveFreshBeen.a"; sourceTree = BUILT_PRODUCTS_DIR; };
		FE830DC6E78515C1DB74897E /* libPods-XYLoveFreshBeenTests.a */ = {isa = PBXFileReference; explicitFileType = archive.ar; includeInIndex = 0; path = "libPods-XYLoveFreshBeenTests.a"; sourceTree = BUILT_PRODUCTS_DIR; };
/* End PBXFileReference section */

/* Begin PBXFrameworksBuildPhase section */
		3C7EAB691D8E827900803AC0 /* Frameworks */ = {
			isa = PBXFrameworksBuildPhase;
			buildActionMask = 2147483647;
			files = (
				E5485BFCA7F9AF09568C73FB /* libPods-XYLoveFreshBeen.a in Frameworks */,
			);
			runOnlyForDeploymentPostprocessing = 0;
		};
		3C7EAB821D8E827900803AC0 /* Frameworks */ = {
			isa = PBXFrameworksBuildPhase;
			buildActionMask = 2147483647;
			files = (
				AC60CB3F78B1F6EC27EB0998 /* libPods-XYLoveFreshBeenTests.a in Frameworks */,
			);
			runOnlyForDeploymentPostprocessing = 0;
		};
		3C7EAB8D1D8E827900803AC0 /* Frameworks */ = {
			isa = PBXFrameworksBuildPhase;
			buildActionMask = 2147483647;
			files = (
				7293EED5028E9C32F5EAEB77 /* libPods-XYLoveFreshBeenUITests.a in Frameworks */,
			);
			runOnlyForDeploymentPostprocessing = 0;
		};
/* End PBXFrameworksBuildPhase section */

/* Begin PBXGroup section */
		2B24BBC5E0DC34AC9C2A7F89 /* Frameworks */ = {
			isa = PBXGroup;
			children = (
				EFAE2D2FA67D9E4ECDB7733C /* libPods-XYLoveFreshBeen.a */,
				FE830DC6E78515C1DB74897E /* libPods-XYLoveFreshBeenTests.a */,
				1CEC107D1CFCC5CF30F3DB6E /* libPods-XYLoveFreshBeenUITests.a */,
			);
			name = Frameworks;
			sourceTree = "<group>";
		};
		3C365BA61D92507E00E6AF80 /* Cell */ = {
			isa = PBXGroup;
			children = (
				3C4BA7F21D938F9400E53AB9 /* HomeCell */,
				3C4BA7F11D938EEC00E53AB9 /* CatgoryCell */,
			);
			name = Cell;
			sourceTree = "<group>";
		};
		3C365BA71D9250A800E6AF80 /* HeadView */ = {
			isa = PBXGroup;
			children = (
				3C02F45E1D911BEB0085054B /* HomeHeadView.h */,
				3C02F45F1D911BEB0085054B /* HomeHeadView.m */,
				3C02F4611D911C840085054B /* HotView.h */,
				3C02F4621D911C840085054B /* HotView.m */,
				3C02F4641D911C9F0085054B /* PageScrollView.h */,
				3C02F4651D911C9F0085054B /* PageScrollView.m */,
				3C02F4671D911CB20085054B /* BrandView.h */,
				3C02F4681D911CB20085054B /* BrandView.m */,
				3C02F46A1D911CC70085054B /* HeadlineView.h */,
				3C02F46B1D911CC70085054B /* HeadlineView.m */,
				3C365B9D1D92196300E6AF80 /* IconImageTextView.h */,
				3C365B9E1D92196300E6AF80 /* IconImageTextView.m */,
				3C365BA01D9234B800E6AF80 /* HeadlinePageView.h */,
				3C365BA11D9234B800E6AF80 /* HeadlinePageView.m */,
				3C4BA7E81D9377F800E53AB9 /* HeadlineContentView.h */,
				3C4BA7E91D9377F800E53AB9 /* HeadlineContentView.m */,
			);
			name = HeadView;
			sourceTree = "<group>";
		};
		3C4BA7F11D938EEC00E53AB9 /* CatgoryCell */ = {
			isa = PBXGroup;
			children = (
				3C365BAB1D92516100E6AF80 /* HomeCategoryCell.h */,
				3C365BAC1D92516100E6AF80 /* HomeCategoryCell.m */,
				3C365BB41D92850800E6AF80 /* HomeCellTitleView.h */,
				3C365BB51D92850800E6AF80 /* HomeCellTitleView.m */,
				3C365BB71D92852600E6AF80 /* HomeCellGoodsView.h */,
				3C365BB81D92852600E6AF80 /* HomeCellGoodsView.m */,
			);
			name = CatgoryCell;
			sourceTree = "<group>";
		};
		3C4BA7F21D938F9400E53AB9 /* HomeCell */ = {
			isa = PBXGroup;
			children = (
				3C365BA31D92507700E6AF80 /* HomeCell.h */,
				3C365BA41D92507700E6AF80 /* HomeCell.m */,
				3C4BA7EB1D938EAE00E53AB9 /* BuyView.h */,
				3C4BA7EC1D938EAE00E53AB9 /* BuyView.m */,
				3C4BA7EE1D938EC800E53AB9 /* DiscountPriceView.h */,
				3C4BA7EF1D938EC800E53AB9 /* DiscountPriceView.m */,
			);
			name = HomeCell;
			sourceTree = "<group>";
		};
		3C7EAB631D8E827900803AC0 = {
			isa = PBXGroup;
			children = (
				3C7EAB6E1D8E827900803AC0 /* XYLoveFreshBeen */,
				3C7EAB881D8E827900803AC0 /* XYLoveFreshBeenTests */,
				3C7EAB931D8E827900803AC0 /* XYLoveFreshBeenUITests */,
				3C7EAB6D1D8E827900803AC0 /* Products */,
				6B9A654269A42980B0B5890D /* Pods */,
				2B24BBC5E0DC34AC9C2A7F89 /* Frameworks */,
			);
			sourceTree = "<group>";
		};
		3C7EAB6D1D8E827900803AC0 /* Products */ = {
			isa = PBXGroup;
			children = (
				3C7EAB6C1D8E827900803AC0 /* XYLoveFreshBeen.app */,
				3C7EAB851D8E827900803AC0 /* XYLoveFreshBeenTests.xctest */,
				3C7EAB901D8E827900803AC0 /* XYLoveFreshBeenUITests.xctest */,
			);
			name = Products;
			sourceTree = "<group>";
		};
		3C7EAB6E1D8E827900803AC0 /* XYLoveFreshBeen */ = {
			isa = PBXGroup;
			children = (
				3C7EABA61D8E851600803AC0 /* Other */,
				3CC8F7F21D8FE54100430135 /* Resouce */,
				3CC8F7DB1D8FD8FE00430135 /* Commen */,
				3CC8F7C21D8F94F500430135 /* RootViewController */,
				3C7EABB41D8E8C8900803AC0 /* GuidePage */,
				3C7EABA51D8E850800803AC0 /* My */,
				3C7EABA41D8E84F800803AC0 /* ShoppingCart */,
				3C7EABA31D8E849A00803AC0 /* LightningSupermarket */,
				3C7EABA21D8E847E00803AC0 /* HomePage */,
				3C7EAB6F1D8E827900803AC0 /* Supporting Files */,
			);
			path = XYLoveFreshBeen;
			sourceTree = "<group>";
		};
		3C7EAB6F1D8E827900803AC0 /* Supporting Files */ = {
			isa = PBXGroup;
			children = (
				3C7EAB721D8E827900803AC0 /* AppDelegate.h */,
				3C7EAB731D8E827900803AC0 /* AppDelegate.m */,
				3C7EAB7B1D8E827900803AC0 /* Assets.xcassets */,
				3C7EAB7D1D8E827900803AC0 /* LaunchScreen.storyboard */,
				3C7EAB801D8E827900803AC0 /* Info.plist */,
				3C7EAB701D8E827900803AC0 /* main.m */,
			);
			name = "Supporting Files";
			sourceTree = "<group>";
		};
		3C7EAB881D8E827900803AC0 /* XYLoveFreshBeenTests */ = {
			isa = PBXGroup;
			children = (
				3C7EAB891D8E827900803AC0 /* XYLoveFreshBeenTests.m */,
				3C7EAB8B1D8E827900803AC0 /* Info.plist */,
			);
			path = XYLoveFreshBeenTests;
			sourceTree = "<group>";
		};
		3C7EAB931D8E827900803AC0 /* XYLoveFreshBeenUITests */ = {
			isa = PBXGroup;
			children = (
				3C7EAB941D8E827900803AC0 /* XYLoveFreshBeenUITests.m */,
				3C7EAB961D8E827900803AC0 /* Info.plist */,
			);
			path = XYLoveFreshBeenUITests;
			sourceTree = "<group>";
		};
		3C7EABA21D8E847E00803AC0 /* HomePage */ = {
			isa = PBXGroup;
			children = (
				3C7EABA91D8E854800803AC0 /* Model */,
				3C7EABA81D8E854100803AC0 /* View */,
				3C7EABA71D8E853100803AC0 /* Controller */,
			);
			name = HomePage;
			sourceTree = "<group>";
		};
		3C7EABA31D8E849A00803AC0 /* LightningSupermarket */ = {
			isa = PBXGroup;
			children = (
				3C7EABAC1D8E856200803AC0 /* Model */,
				3C7EABAB1D8E855C00803AC0 /* View */,
				3C7EABAA1D8E855200803AC0 /* Controller */,
			);
			name = LightningSupermarket;
			sourceTree = "<group>";
		};
		3C7EABA41D8E84F800803AC0 /* ShoppingCart */ = {
			isa = PBXGroup;
			children = (
				3C7EABAF1D8E857E00803AC0 /* Model */,
				3C7EABAE1D8E857500803AC0 /* View */,
				3C7EABAD1D8E856C00803AC0 /* Controller */,
			);
			name = ShoppingCart;
			sourceTree = "<group>";
		};
		3C7EABA51D8E850800803AC0 /* My */ = {
			isa = PBXGroup;
			children = (
				3C7EABB21D8E859A00803AC0 /* Model */,
				3C7EABB11D8E859500803AC0 /* View */,
				3C7EABB01D8E858900803AC0 /* Controller */,
			);
			name = My;
			sourceTree = "<group>";
		};
		3C7EABA61D8E851600803AC0 /* Other */ = {
			isa = PBXGroup;
			children = (
				3C7EABB31D8E85CC00803AC0 /* PrefixHeader.pch */,
				3C7EABBD1D8E902500803AC0 /* XYAppConst.h */,
				3C7EABBE1D8E902500803AC0 /* XYAppConst.m */,
			);
			name = Other;
			sourceTree = "<group>";
		};
		3C7EABA71D8E853100803AC0 /* Controller */ = {
			isa = PBXGroup;
			children = (
				3CC8F7C91D8F961E00430135 /* HomeViewController.h */,
				3CC8F7CA1D8F961E00430135 /* HomeViewController.m */,
			);
			name = Controller;
			sourceTree = "<group>";
		};
		3C7EABA81D8E854100803AC0 /* View */ = {
			isa = PBXGroup;
			children = (
				3C365BAE1D9251BC00E6AF80 /* XYRefreshHeader.h */,
				3C365BAF1D9251BC00E6AF80 /* XYRefreshHeader.m */,
				3C365BB11D9251F600E6AF80 /* WebViewController.h */,
				3C365BB21D9251F600E6AF80 /* WebViewController.m */,
				3C365BA81D92512100E6AF80 /* HomeHeaderCell.h */,
				3C365BA91D92512100E6AF80 /* HomeHeaderCell.m */,
				3C365BA71D9250A800E6AF80 /* HeadView */,
				3C365BA61D92507E00E6AF80 /* Cell */,
			);
			name = View;
			sourceTree = "<group>";
		};
		3C7EABA91D8E854800803AC0 /* Model */ = {
			isa = PBXGroup;
			children = (
				3CC8F7D81D8F9B7700430135 /* Goods.h */,
				3CC8F7D91D8F9B7700430135 /* Goods.m */,
				3C02F4701D9128E20085054B /* Activity.h */,
				3C02F4711D9128E20085054B /* Activity.m */,
				3C02F46D1D9122570085054B /* HomeHeadData.h */,
				3C02F46E1D9122570085054B /* HomeHeadData.m */,
			);
			name = Model;
			sourceTree = "<group>";
		};
		3C7EABAA1D8E855200803AC0 /* Controller */ = {
			isa = PBXGroup;
			children = (
				3CC8F7CC1D8F965F00430135 /* FlashViewController.h */,
				3CC8F7CD1D8F965F00430135 /* FlashViewController.m */,
			);
			name = Controller;
			sourceTree = "<group>";
		};
		3C7EABAB1D8E855C00803AC0 /* View */ = {
			isa = PBXGroup;
			children = (
			);
			name = View;
			sourceTree = "<group>";
		};
		3C7EABAC1D8E856200803AC0 /* Model */ = {
			isa = PBXGroup;
			children = (
			);
			name = Model;
			sourceTree = "<group>";
		};
		3C7EABAD1D8E856C00803AC0 /* Controller */ = {
			isa = PBXGroup;
			children = (
				3CC8F7CF1D8F968700430135 /* ShoppingViewController.h */,
				3CC8F7D01D8F968700430135 /* ShoppingViewController.m */,
			);
			name = Controller;
			sourceTree = "<group>";
		};
		3C7EABAE1D8E857500803AC0 /* View */ = {
			isa = PBXGroup;
			children = (
			);
			name = View;
			sourceTree = "<group>";
		};
		3C7EABAF1D8E857E00803AC0 /* Model */ = {
			isa = PBXGroup;
			children = (
				3CC8F7D51D8F9A6900430135 /* UserShopCarTool.h */,
				3CC8F7D61D8F9A6900430135 /* UserShopCarTool.m */,
			);
			name = Model;
			sourceTree = "<group>";
		};
		3C7EABB01D8E858900803AC0 /* Controller */ = {
			isa = PBXGroup;
			children = (
				3CC8F7D21D8F969900430135 /* MyViewController.h */,
				3CC8F7D31D8F969900430135 /* MyViewController.m */,
			);
			name = Controller;
			sourceTree = "<group>";
		};
		3C7EABB11D8E859500803AC0 /* View */ = {
			isa = PBXGroup;
			children = (
			);
			name = View;
			sourceTree = "<group>";
		};
		3C7EABB21D8E859A00803AC0 /* Model */ = {
			isa = PBXGroup;
			children = (
			);
			name = Model;
			sourceTree = "<group>";
		};
		3C7EABB41D8E8C8900803AC0 /* GuidePage */ = {
			isa = PBXGroup;
			children = (
				3C7EABC51D8E920B00803AC0 /* Model */,
				3C7EABC41D8E91FC00803AC0 /* View */,
				3C7EABC31D8E91F000803AC0 /* Controller */,
			);
			name = GuidePage;
			sourceTree = "<group>";
		};
		3C7EABC31D8E91F000803AC0 /* Controller */ = {
			isa = PBXGroup;
			children = (
				3C7EABC91D8E929000803AC0 /* GuidePageController.h */,
				3C7EABCA1D8E929000803AC0 /* GuidePageController.m */,
			);
			name = Controller;
			sourceTree = "<group>";
		};
		3C7EABC41D8E91FC00803AC0 /* View */ = {
			isa = PBXGroup;
			children = (
				3C7EABCC1D8EA34F00803AC0 /* GuideCell.h */,
				3C7EABCD1D8EA34F00803AC0 /* GuideCell.m */,
			);
			name = View;
			sourceTree = "<group>";
		};
		3C7EABC51D8E920B00803AC0 /* Model */ = {
			isa = PBXGroup;
			children = (
			);
			name = Model;
			sourceTree = "<group>";
		};
		3CC8F7C21D8F94F500430135 /* RootViewController */ = {
			isa = PBXGroup;
			children = (
				3CC8F7C81D8F95B600430135 /* Model */,
				3CC8F7C71D8F95AF00430135 /* View */,
				3CC8F7C61D8F95A200430135 /* Controller */,
			);
			name = RootViewController;
			sourceTree = "<group>";
		};
		3CC8F7C61D8F95A200430135 /* Controller */ = {
			isa = PBXGroup;
			children = (
				3C7EABC61D8E924800803AC0 /* BaseViewController.h */,
				3C7EABC71D8E924800803AC0 /* BaseViewController.m */,
				3C7EABC01D8E91E300803AC0 /* MainTabBarControll.h */,
				3C7EABC11D8E91E300803AC0 /* MainTabBarControll.m */,
				3CC8F7BF1D8F93E400430135 /* BashNavigationController.h */,
				3CC8F7C01D8F93E400430135 /* BashNavigationController.m */,
				3CC8F7C31D8F959700430135 /* SelectedAdressViewController.h */,
				3CC8F7C41D8F959700430135 /* SelectedAdressViewController.m */,
				3CC8F7EC1D8FE42300430135 /* MyAdressViewController.h */,
				3CC8F7ED1D8FE42300430135 /* MyAdressViewController.m */,
			);
			name = Controller;
			sourceTree = "<group>";
		};
		3CC8F7C71D8F95AF00430135 /* View */ = {
			isa = PBXGroup;
			children = (
				3CC8F7E31D8FDEC700430135 /* AdressTitleView.h */,
				3CC8F7E41D8FDEC700430135 /* AdressTitleView.m */,
				3CC8F7EF1D8FE4BF00430135 /* AddressCell.h */,
				3CC8F7F01D8FE4C000430135 /* AddressCell.m */,
			);
			name = View;
			sourceTree = "<group>";
		};
		3CC8F7C81D8F95B600430135 /* Model */ = {
			isa = PBXGroup;
			children = (
				3CC8F7E61D8FDF1F00430135 /* AddressData.h */,
				3CC8F7E71D8FDF1F00430135 /* AddressData.m */,
				3CC8F7E91D8FE17000430135 /* UserInfo.h */,
				3CC8F7EA1D8FE17000430135 /* UserInfo.m */,
			);
			name = Model;
			sourceTree = "<group>";
		};
		3CC8F7DB1D8FD8FE00430135 /* Commen */ = {
			isa = PBXGroup;
			children = (
				3CC8F7E01D8FDB6600430135 /* ItemLeftButten.h */,
				3CC8F7E11D8FDB6600430135 /* ItemLeftButten.m */,
				3CC8F7DD1D8FD95B00430135 /* UIBarButtonItem+Butten.h */,
				3CC8F7DE1D8FD95B00430135 /* UIBarButtonItem+Butten.m */,
				3C365BBA1D928CC700E6AF80 /* UIColor+Extension.h */,
				3C365BBB1D928CC700E6AF80 /* UIColor+Extension.m */,
				3C4BA7F31D93C2FE00E53AB9 /* NSString+Extension.h */,
				3C4BA7F41D93C2FE00E53AB9 /* NSString+Extension.m */,
			);
			name = Commen;
			sourceTree = "<group>";
		};
		3CC8F7F21D8FE54100430135 /* Resouce */ = {
			isa = PBXGroup;
			children = (
				3CC8F7F31D8FE54100430135 /* AD */,
				3CC8F7F41D8FE54100430135 /* FocusURL.plist */,
				3CC8F7F51D8FE54100430135 /* footerBanner */,
				3CC8F7F61D8FE54100430135 /* HelpPlist.plist */,
				3CC8F7F71D8FE54100430135 /* Mine */,
				3CC8F7F81D8FE54100430135 /* MinePlist.plist */,
				3CC8F7F91D8FE54100430135 /* MyAdress */,
				3CC8F7FA1D8FE54100430135 /* MyCoupon */,
				3CC8F7FB1D8FE54100430135 /* MyOrders */,
				3CC8F7FC1D8FE54100430135 /* Search */,
				3CC8F7FD1D8FE54100430135 /* SearchProduct */,
				3CC8F7FE1D8FE54100430135 /* supermarket */,
				3CC8F7FF1D8FE54100430135 /* SystemMessage */,
				3CC8F8001D8FE54100430135 /* UserMessage */,
				3CC8F8011D8FE54100430135 /* 促销 */,
				3CC8F8021D8FE54100430135 /* 系统消息 */,
				3CC8F8031D8FE54100430135 /* 首页新鲜热卖 */,
				3CC8F8041D8FE54100430135 /* 首页热卖 */,
			);
			path = Resouce;
			sourceTree = "<group>";
		};
		6B9A654269A42980B0B5890D /* Pods */ = {
			isa = PBXGroup;
			children = (
				8D1C65F55864DFA11AD5DEE9 /* Pods-XYLoveFreshBeen.debug.xcconfig */,
				2671DB6BC5C200D095A02185 /* Pods-XYLoveFreshBeen.release.xcconfig */,
				69B9046792D482E42B58E2F3 /* Pods-XYLoveFreshBeenTests.debug.xcconfig */,
				E621F9CF908DA473B3CDCA45 /* Pods-XYLoveFreshBeenTests.release.xcconfig */,
				6BFC1EE48BC8EE031D209173 /* Pods-XYLoveFreshBeenUITests.debug.xcconfig */,
				322A0D2E94F1624098C5077D /* Pods-XYLoveFreshBeenUITests.release.xcconfig */,
			);
			name = Pods;
			sourceTree = "<group>";
		};
/* End PBXGroup section */

/* Begin PBXNativeTarget section */
		3C7EAB6B1D8E827900803AC0 /* XYLoveFreshBeen */ = {
			isa = PBXNativeTarget;
			buildConfigurationList = 3C7EAB991D8E827900803AC0 /* Build configuration list for PBXNativeTarget "XYLoveFreshBeen" */;
			buildPhases = (
				B2D16162F5A9EE48713871BC /* [CP] Check Pods Manifest.lock */,
				3C7EAB681D8E827900803AC0 /* Sources */,
				3C7EAB691D8E827900803AC0 /* Frameworks */,
				3C7EAB6A1D8E827900803AC0 /* Resources */,
				E65DAB7EE8562353E30ABCB6 /* [CP] Embed Pods Frameworks */,
				9F72601C15E7F4F44469915F /* [CP] Copy Pods Resources */,
			);
			buildRules = (
			);
			dependencies = (
			);
			name = XYLoveFreshBeen;
			productName = XYLoveFreshBeen;
			productReference = 3C7EAB6C1D8E827900803AC0 /* XYLoveFreshBeen.app */;
			productType = "com.apple.product-type.application";
		};
		3C7EAB841D8E827900803AC0 /* XYLoveFreshBeenTests */ = {
			isa = PBXNativeTarget;
			buildConfigurationList = 3C7EAB9C1D8E827900803AC0 /* Build configuration list for PBXNativeTarget "XYLoveFreshBeenTests" */;
			buildPhases = (
				E8C5EC8195A0D4F4C1482D85 /* [CP] Check Pods Manifest.lock */,
				3C7EAB811D8E827900803AC0 /* Sources */,
				3C7EAB821D8E827900803AC0 /* Frameworks */,
				3C7EAB831D8E827900803AC0 /* Resources */,
				C0E7EFF15C2DEA9354252D0C /* [CP] Embed Pods Frameworks */,
				27B4C35F8384317B53B1EDDC /* [CP] Copy Pods Resources */,
			);
			buildRules = (
			);
			dependencies = (
				3C7EAB871D8E827900803AC0 /* PBXTargetDependency */,
			);
			name = XYLoveFreshBeenTests;
			productName = XYLoveFreshBeenTests;
			productReference = 3C7EAB851D8E827900803AC0 /* XYLoveFreshBeenTests.xctest */;
			productType = "com.apple.product-type.bundle.unit-test";
		};
		3C7EAB8F1D8E827900803AC0 /* XYLoveFreshBeenUITests */ = {
			isa = PBXNativeTarget;
			buildConfigurationList = 3C7EAB9F1D8E827900803AC0 /* Build configuration list for PBXNativeTarget "XYLoveFreshBeenUITests" */;
			buildPhases = (
				D414E381F4814AEDD53D39A3 /* [CP] Check Pods Manifest.lock */,
				3C7EAB8C1D8E827900803AC0 /* Sources */,
				3C7EAB8D1D8E827900803AC0 /* Frameworks */,
				3C7EAB8E1D8E827900803AC0 /* Resources */,
				BAE103964DAAF4ECFF4250E5 /* [CP] Embed Pods Frameworks */,
				FD70AFC76498581B0CCE4EF1 /* [CP] Copy Pods Resources */,
			);
			buildRules = (
			);
			dependencies = (
				3C7EAB921D8E827900803AC0 /* PBXTargetDependency */,
			);
			name = XYLoveFreshBeenUITests;
			productName = XYLoveFreshBeenUITests;
			productReference = 3C7EAB901D8E827900803AC0 /* XYLoveFreshBeenUITests.xctest */;
			productType = "com.apple.product-type.bundle.ui-testing";
		};
/* End PBXNativeTarget section */

/* Begin PBXProject section */
		3C7EAB641D8E827900803AC0 /* Project object */ = {
			isa = PBXProject;
			attributes = {
				LastUpgradeCheck = 0800;
				ORGANIZATIONNAME = "闫世超";
				TargetAttributes = {
					3C7EAB6B1D8E827900803AC0 = {
						CreatedOnToolsVersion = 8.0;
						ProvisioningStyle = Automatic;
					};
					3C7EAB841D8E827900803AC0 = {
						CreatedOnToolsVersion = 8.0;
						ProvisioningStyle = Automatic;
						TestTargetID = 3C7EAB6B1D8E827900803AC0;
					};
					3C7EAB8F1D8E827900803AC0 = {
						CreatedOnToolsVersion = 8.0;
						ProvisioningStyle = Automatic;
						TestTargetID = 3C7EAB6B1D8E827900803AC0;
					};
				};
			};
			buildConfigurationList = 3C7EAB671D8E827900803AC0 /* Build configuration list for PBXProject "XYLoveFreshBeen" */;
			compatibilityVersion = "Xcode 3.2";
			developmentRegion = English;
			hasScannedForEncodings = 0;
			knownRegions = (
				en,
				Base,
			);
			mainGroup = 3C7EAB631D8E827900803AC0;
			productRefGroup = 3C7EAB6D1D8E827900803AC0 /* Products */;
			projectDirPath = "";
			projectRoot = "";
			targets = (
				3C7EAB6B1D8E827900803AC0 /* XYLoveFreshBeen */,
				3C7EAB841D8E827900803AC0 /* XYLoveFreshBeenTests */,
				3C7EAB8F1D8E827900803AC0 /* XYLoveFreshBeenUITests */,
			);
		};
/* End PBXProject section */

/* Begin PBXResourcesBuildPhase section */
		3C7EAB6A1D8E827900803AC0 /* Resources */ = {
			isa = PBXResourcesBuildPhase;
			buildActionMask = 2147483647;
			files = (
				3CC8F80B1D8FE54100430135 /* MyAdress in Resources */,
				3C7EAB7F1D8E827900803AC0 /* LaunchScreen.storyboard in Resources */,
				3CC8F8051D8FE54100430135 /* AD in Resources */,
				3C7EAB7C1D8E827900803AC0 /* Assets.xcassets in Resources */,
				3CC8F8111D8FE54100430135 /* SystemMessage in Resources */,
				3CC8F8071D8FE54100430135 /* footerBanner in Resources */,
				3CC8F8131D8FE54100430135 /* 促销 in Resources */,
				3CC8F8141D8FE54100430135 /* 系统消息 in Resources */,
				3CC8F80F1D8FE54100430135 /* SearchProduct in Resources */,
				3CC8F8091D8FE54100430135 /* Mine in Resources */,
				3CC8F80C1D8FE54100430135 /* MyCoupon in Resources */,
				3CC8F8101D8FE54100430135 /* supermarket in Resources */,
				3CC8F80D1D8FE54100430135 /* MyOrders in Resources */,
				3CC8F8151D8FE54100430135 /* 首页新鲜热卖 in Resources */,
				3CC8F8161D8FE54100430135 /* 首页热卖 in Resources */,
				3CC8F80E1D8FE54100430135 /* Search in Resources */,
				3CC8F8081D8FE54100430135 /* HelpPlist.plist in Resources */,
				3CC8F80A1D8FE54100430135 /* MinePlist.plist in Resources */,
				3CC8F8061D8FE54100430135 /* FocusURL.plist in Resources */,
				3CC8F8121D8FE54100430135 /* UserMessage in Resources */,
			);
			runOnlyForDeploymentPostprocessing = 0;
		};
		3C7EAB831D8E827900803AC0 /* Resources */ = {
			isa = PBXResourcesBuildPhase;
			buildActionMask = 2147483647;
			files = (
			);
			runOnlyForDeploymentPostprocessing = 0;
		};
		3C7EAB8E1D8E827900803AC0 /* Resources */ = {
			isa = PBXResourcesBuildPhase;
			buildActionMask = 2147483647;
			files = (
			);
			runOnlyForDeploymentPostprocessing = 0;
		};
/* End PBXResourcesBuildPhase section */

/* Begin PBXShellScriptBuildPhase section */
		27B4C35F8384317B53B1EDDC /* [CP] Copy Pods Resources */ = {
			isa = PBXShellScriptBuildPhase;
			buildActionMask = 2147483647;
			files = (
			);
			inputPaths = (
			);
			name = "[CP] Copy Pods Resources";
			outputPaths = (
			);
			runOnlyForDeploymentPostprocessing = 0;
			shellPath = /bin/sh;
			shellScript = "\"${SRCROOT}/Pods/Target Support Files/Pods-XYLoveFreshBeenTests/Pods-XYLoveFreshBeenTests-resources.sh\"\n";
			showEnvVarsInLog = 0;
		};
		9F72601C15E7F4F44469915F /* [CP] Copy Pods Resources */ = {
			isa = PBXShellScriptBuildPhase;
			buildActionMask = 2147483647;
			files = (
			);
			inputPaths = (
			);
			name = "[CP] Copy Pods Resources";
			outputPaths = (
			);
			runOnlyForDeploymentPostprocessing = 0;
			shellPath = /bin/sh;
			shellScript = "\"${SRCROOT}/Pods/Target Support Files/Pods-XYLoveFreshBeen/Pods-XYLoveFreshBeen-resources.sh\"\n";
			showEnvVarsInLog = 0;
		};
		B2D16162F5A9EE48713871BC /* [CP] Check Pods Manifest.lock */ = {
			isa = PBXShellScriptBuildPhase;
			buildActionMask = 2147483647;
			files = (
			);
			inputPaths = (
			);
			name = "[CP] Check Pods Manifest.lock";
			outputPaths = (
			);
			runOnlyForDeploymentPostprocessing = 0;
			shellPath = /bin/sh;
			shellScript = "diff \"${PODS_ROOT}/../Podfile.lock\" \"${PODS_ROOT}/Manifest.lock\" > /dev/null\nif [ $? != 0 ] ; then\n    # print error to STDERR\n    echo \"error: The sandbox is not in sync with the Podfile.lock. Run 'pod install' or update your CocoaPods installation.\" >&2\n    exit 1\nfi\n";
			showEnvVarsInLog = 0;
		};
		BAE103964DAAF4ECFF4250E5 /* [CP] Embed Pods Frameworks */ = {
			isa = PBXShellScriptBuildPhase;
			buildActionMask = 2147483647;
			files = (
			);
			inputPaths = (
			);
			name = "[CP] Embed Pods Frameworks";
			outputPaths = (
			);
			runOnlyForDeploymentPostprocessing = 0;
			shellPath = /bin/sh;
			shellScript = "\"${SRCROOT}/Pods/Target Support Files/Pods-XYLoveFreshBeenUITests/Pods-XYLoveFreshBeenUITests-frameworks.sh\"\n";
			showEnvVarsInLog = 0;
		};
		C0E7EFF15C2DEA9354252D0C /* [CP] Embed Pods Frameworks */ = {
			isa = PBXShellScriptBuildPhase;
			buildActionMask = 2147483647;
			files = (
			);
			inputPaths = (
			);
			name = "[CP] Embed Pods Frameworks";
			outputPaths = (
			);
			runOnlyForDeploymentPostprocessing = 0;
			shellPath = /bin/sh;
			shellScript = "\"${SRCROOT}/Pods/Target Support Files/Pods-XYLoveFreshBeenTests/Pods-XYLoveFreshBeenTests-frameworks.sh\"\n";
			showEnvVarsInLog = 0;
		};
		D414E381F4814AEDD53D39A3 /* [CP] Check Pods Manifest.lock */ = {
			isa = PBXShellScriptBuildPhase;
			buildActionMask = 2147483647;
			files = (
			);
			inputPaths = (
			);
			name = "[CP] Check Pods Manifest.lock";
			outputPaths = (
			);
			runOnlyForDeploymentPostprocessing = 0;
			shellPath = /bin/sh;
			shellScript = "diff \"${PODS_ROOT}/../Podfile.lock\" \"${PODS_ROOT}/Manifest.lock\" > /dev/null\nif [ $? != 0 ] ; then\n    # print error to STDERR\n    echo \"error: The sandbox is not in sync with the Podfile.lock. Run 'pod install' or update your CocoaPods installation.\" >&2\n    exit 1\nfi\n";
			showEnvVarsInLog = 0;
		};
		E65DAB7EE8562353E30ABCB6 /* [CP] Embed Pods Frameworks */ = {
			isa = PBXShellScriptBuildPhase;
			buildActionMask = 2147483647;
			files = (
			);
			inputPaths = (
			);
			name = "[CP] Embed Pods Frameworks";
			outputPaths = (
			);
			runOnlyForDeploymentPostprocessing = 0;
			shellPath = /bin/sh;
			shellScript = "\"${SRCROOT}/Pods/Target Support Files/Pods-XYLoveFreshBeen/Pods-XYLoveFreshBeen-frameworks.sh\"\n";
			showEnvVarsInLog = 0;
		};
		E8C5EC8195A0D4F4C1482D85 /* [CP] Check Pods Manifest.lock */ = {
			isa = PBXShellScriptBuildPhase;
			buildActionMask = 2147483647;
			files = (
			);
			inputPaths = (
			);
			name = "[CP] Check Pods Manifest.lock";
			outputPaths = (
			);
			runOnlyForDeploymentPostprocessing = 0;
			shellPath = /bin/sh;
			shellScript = "diff \"${PODS_ROOT}/../Podfile.lock\" \"${PODS_ROOT}/Manifest.lock\" > /dev/null\nif [ $? != 0 ] ; then\n    # print error to STDERR\n    echo \"error: The sandbox is not in sync with the Podfile.lock. Run 'pod install' or update your CocoaPods installation.\" >&2\n    exit 1\nfi\n";
			showEnvVarsInLog = 0;
		};
		FD70AFC76498581B0CCE4EF1 /* [CP] Copy Pods Resources */ = {
			isa = PBXShellScriptBuildPhase;
			buildActionMask = 2147483647;
			files = (
			);
			inputPaths = (
			);
			name = "[CP] Copy Pods Resources";
			outputPaths = (
			);
			runOnlyForDeploymentPostprocessing = 0;
			shellPath = /bin/sh;
			shellScript = "\"${SRCROOT}/Pods/Target Support Files/Pods-XYLoveFreshBeenUITests/Pods-XYLoveFreshBeenUITests-resources.sh\"\n";
			showEnvVarsInLog = 0;
		};
/* End PBXShellScriptBuildPhase section */

/* Begin PBXSourcesBuildPhase section */
		3C7EAB681D8E827900803AC0 /* Sources */ = {
			isa = PBXSourcesBuildPhase;
			buildActionMask = 2147483647;
			files = (
				3CC8F7F11D8FE4C000430135 /* AddressCell.m in Sources */,
				3C4BA7F01D938EC800E53AB9 /* DiscountPriceView.m in Sources */,
				3C7EABCE1D8EA34F00803AC0 /* GuideCell.m in Sources */,
				3C365BA21D9234B800E6AF80 /* HeadlinePageView.m in Sources */,
				3C4BA7ED1D938EAE00E53AB9 /* BuyView.m in Sources */,
				3C02F4631D911C840085054B /* HotView.m in Sources */,
				3C7EAB741D8E827900803AC0 /* AppDelegate.m in Sources */,
				3C02F4691D911CB20085054B /* BrandView.m in Sources */,
				3C7EABCB1D8E929000803AC0 /* GuidePageController.m in Sources */,
				3CC8F7E81D8FDF1F00430135 /* AddressData.m in Sources */,
				3C4BA7EA1D9377F800E53AB9 /* HeadlineContentView.m in Sources */,
				3C02F4721D9128E20085054B /* Activity.m in Sources */,
				3C365B9F1D92196300E6AF80 /* IconImageTextView.m in Sources */,
				3CC8F7CB1D8F961E00430135 /* HomeViewController.m in Sources */,
				3CC8F7EE1D8FE42300430135 /* MyAdressViewController.m in Sources */,
				3C7EABC81D8E924800803AC0 /* BaseViewController.m in Sources */,
				3C7EABC21D8E91E300803AC0 /* MainTabBarControll.m in Sources */,
				3C365BA51D92507700E6AF80 /* HomeCell.m in Sources */,
				3CC8F7C51D8F959700430135 /* SelectedAdressViewController.m in Sources */,
				3CC8F7EB1D8FE17000430135 /* UserInfo.m in Sources */,
				3CC8F7D71D8F9A6900430135 /* UserShopCarTool.m in Sources */,
				3C02F46F1D9122570085054B /* HomeHeadData.m in Sources */,
				3C02F4601D911BEB0085054B /* HomeHeadView.m in Sources */,
				3C365BAA1D92512100E6AF80 /* HomeHeaderCell.m in Sources */,
				3C7EAB711D8E827900803AC0 /* main.m in Sources */,
				3C365BB91D92852600E6AF80 /* HomeCellGoodsView.m in Sources */,
				3C365BAD1D92516100E6AF80 /* HomeCategoryCell.m in Sources */,
				3C7EABBF1D8E902500803AC0 /* XYAppConst.m in Sources */,
				3C365BB61D92850800E6AF80 /* HomeCellTitleView.m in Sources */,
				3CC8F7CE1D8F965F00430135 /* FlashViewController.m in Sources */,
				3C4BA7F51D93C2FE00E53AB9 /* NSString+Extension.m in Sources */,
				3CC8F7E51D8FDEC700430135 /* AdressTitleView.m in Sources */,
				3CC8F7D11D8F968700430135 /* ShoppingViewController.m in Sources */,
				3CC8F7DA1D8F9B7700430135 /* Goods.m in Sources */,
				3CC8F7E21D8FDB6600430135 /* ItemLeftButten.m in Sources */,
				3C365BBC1D928CC700E6AF80 /* UIColor+Extension.m in Sources */,
				3CC8F7C11D8F93E400430135 /* BashNavigationController.m in Sources */,
				3CC8F7DF1D8FD95B00430135 /* UIBarButtonItem+Butten.m in Sources */,
				3C365BB31D9251F600E6AF80 /* WebViewController.m in Sources */,
				3CC8F7D41D8F969900430135 /* MyViewController.m in Sources */,
				3C02F46C1D911CC70085054B /* HeadlineView.m in Sources */,
				3C365BB01D9251BC00E6AF80 /* XYRefreshHeader.m in Sources */,
				3C02F4661D911C9F0085054B /* PageScrollView.m in Sources */,
			);
			runOnlyForDeploymentPostprocessing = 0;
		};
		3C7EAB811D8E827900803AC0 /* Sources */ = {
			isa = PBXSourcesBuildPhase;
			buildActionMask = 2147483647;
			files = (
				3C7EAB8A1D8E827900803AC0 /* XYLoveFreshBeenTests.m in Sources */,
			);
			runOnlyForDeploymentPostprocessing = 0;
		};
		3C7EAB8C1D8E827900803AC0 /* Sources */ = {
			isa = PBXSourcesBuildPhase;
			buildActionMask = 2147483647;
			files = (
				3C7EAB951D8E827900803AC0 /* XYLoveFreshBeenUITests.m in Sources */,
			);
			runOnlyForDeploymentPostprocessing = 0;
		};
/* End PBXSourcesBuildPhase section */

/* Begin PBXTargetDependency section */
		3C7EAB871D8E827900803AC0 /* PBXTargetDependency */ = {
			isa = PBXTargetDependency;
			target = 3C7EAB6B1D8E827900803AC0 /* XYLoveFreshBeen */;
			targetProxy = 3C7EAB861D8E827900803AC0 /* PBXContainerItemProxy */;
		};
		3C7EAB921D8E827900803AC0 /* PBXTargetDependency */ = {
			isa = PBXTargetDependency;
			target = 3C7EAB6B1D8E827900803AC0 /* XYLoveFreshBeen */;
			targetProxy = 3C7EAB911D8E827900803AC0 /* PBXContainerItemProxy */;
		};
/* End PBXTargetDependency section */

/* Begin PBXVariantGroup section */
		3C7EAB7D1D8E827900803AC0 /* LaunchScreen.storyboard */ = {
			isa = PBXVariantGroup;
			children = (
				3C7EAB7E1D8E827900803AC0 /* Base */,
			);
			name = LaunchScreen.storyboard;
			sourceTree = "<group>";
		};
/* End PBXVariantGroup section */

/* Begin XCBuildConfiguration section */
		3C7EAB971D8E827900803AC0 /* Debug */ = {
			isa = XCBuildConfiguration;
			buildSettings = {
				ALWAYS_SEARCH_USER_PATHS = NO;
				CLANG_ANALYZER_NONNULL = YES;
				CLANG_CXX_LANGUAGE_STANDARD = "gnu++0x";
				CLANG_CXX_LIBRARY = "libc++";
				CLANG_ENABLE_MODULES = YES;
				CLANG_ENABLE_OBJC_ARC = YES;
				CLANG_WARN_BOOL_CONVERSION = YES;
				CLANG_WARN_CONSTANT_CONVERSION = YES;
				CLANG_WARN_DIRECT_OBJC_ISA_USAGE = YES_ERROR;
				CLANG_WARN_DOCUMENTATION_COMMENTS = YES;
				CLANG_WARN_EMPTY_BODY = YES;
				CLANG_WARN_ENUM_CONVERSION = YES;
				CLANG_WARN_INFINITE_RECURSION = YES;
				CLANG_WARN_INT_CONVERSION = YES;
				CLANG_WARN_OBJC_ROOT_CLASS = YES_ERROR;
				CLANG_WARN_SUSPICIOUS_MOVES = YES;
				CLANG_WARN_UNREACHABLE_CODE = YES;
				CLANG_WARN__DUPLICATE_METHOD_MATCH = YES;
				"CODE_SIGN_IDENTITY[sdk=iphoneos*]" = "iPhone Developer";
				COPY_PHASE_STRIP = NO;
				DEBUG_INFORMATION_FORMAT = dwarf;
				ENABLE_STRICT_OBJC_MSGSEND = YES;
				ENABLE_TESTABILITY = YES;
				GCC_C_LANGUAGE_STANDARD = gnu99;
				GCC_DYNAMIC_NO_PIC = NO;
				GCC_NO_COMMON_BLOCKS = YES;
				GCC_OPTIMIZATION_LEVEL = 0;
				GCC_PREPROCESSOR_DEFINITIONS = (
					"DEBUG=1",
					"$(inherited)",
				);
				GCC_WARN_64_TO_32_BIT_CONVERSION = YES;
				GCC_WARN_ABOUT_RETURN_TYPE = YES_ERROR;
				GCC_WARN_UNDECLARED_SELECTOR = YES;
				GCC_WARN_UNINITIALIZED_AUTOS = YES_AGGRESSIVE;
				GCC_WARN_UNUSED_FUNCTION = YES;
				GCC_WARN_UNUSED_VARIABLE = YES;
				IPHONEOS_DEPLOYMENT_TARGET = 10.0;
				MTL_ENABLE_DEBUG_INFO = YES;
				ONLY_ACTIVE_ARCH = YES;
				SDKROOT = iphoneos;
				TARGETED_DEVICE_FAMILY = "1,2";
			};
			name = Debug;
		};
		3C7EAB981D8E827900803AC0 /* Release */ = {
			isa = XCBuildConfiguration;
			buildSettings = {
				ALWAYS_SEARCH_USER_PATHS = NO;
				CLANG_ANALYZER_NONNULL = YES;
				CLANG_CXX_LANGUAGE_STANDARD = "gnu++0x";
				CLANG_CXX_LIBRARY = "libc++";
				CLANG_ENABLE_MODULES = YES;
				CLANG_ENABLE_OBJC_ARC = YES;
				CLANG_WARN_BOOL_CONVERSION = YES;
				CLANG_WARN_CONSTANT_CONVERSION = YES;
				CLANG_WARN_DIRECT_OBJC_ISA_USAGE = YES_ERROR;
				CLANG_WARN_DOCUMENTATION_COMMENTS = YES;
				CLANG_WARN_EMPTY_BODY = YES;
				CLANG_WARN_ENUM_CONVERSION = YES;
				CLANG_WARN_INFINITE_RECURSION = YES;
				CLANG_WARN_INT_CONVERSION = YES;
				CLANG_WARN_OBJC_ROOT_CLASS = YES_ERROR;
				CLANG_WARN_SUSPICIOUS_MOVES = YES;
				CLANG_WARN_UNREACHABLE_CODE = YES;
				CLANG_WARN__DUPLICATE_METHOD_MATCH = YES;
				"CODE_SIGN_IDENTITY[sdk=iphoneos*]" = "iPhone Developer";
				COPY_PHASE_STRIP = NO;
				DEBUG_INFORMATION_FORMAT = "dwarf-with-dsym";
				ENABLE_NS_ASSERTIONS = NO;
				ENABLE_STRICT_OBJC_MSGSEND = YES;
				GCC_C_LANGUAGE_STANDARD = gnu99;
				GCC_NO_COMMON_BLOCKS = YES;
				GCC_WARN_64_TO_32_BIT_CONVERSION = YES;
				GCC_WARN_ABOUT_RETURN_TYPE = YES_ERROR;
				GCC_WARN_UNDECLARED_SELECTOR = YES;
				GCC_WARN_UNINITIALIZED_AUTOS = YES_AGGRESSIVE;
				GCC_WARN_UNUSED_FUNCTION = YES;
				GCC_WARN_UNUSED_VARIABLE = YES;
				IPHONEOS_DEPLOYMENT_TARGET = 10.0;
				MTL_ENABLE_DEBUG_INFO = NO;
				SDKROOT = iphoneos;
				TARGETED_DEVICE_FAMILY = "1,2";
				VALIDATE_PRODUCT = YES;
			};
			name = Release;
		};
		3C7EAB9A1D8E827900803AC0 /* Debug */ = {
			isa = XCBuildConfiguration;
			baseConfigurationReference = 8D1C65F55864DFA11AD5DEE9 /* Pods-XYLoveFreshBeen.debug.xcconfig */;
			buildSettings = {
				ASSETCATALOG_COMPILER_APPICON_NAME = AppIcon;
				GCC_PRECOMPILE_PREFIX_HEADER = YES;
				GCC_PREFIX_HEADER = "$(SRCROOT)/XYLoveFreshBeen/PrefixHeader.pch";
				INFOPLIST_FILE = XYLoveFreshBeen/Info.plist;
				LD_RUNPATH_SEARCH_PATHS = "$(inherited) @executable_path/Frameworks";
				PRODUCT_BUNDLE_IDENTIFIER = xiaoyan.XYLoveFreshBeen;
				PRODUCT_NAME = "$(TARGET_NAME)";
			};
			name = Debug;
		};
		3C7EAB9B1D8E827900803AC0 /* Release */ = {
			isa = XCBuildConfiguration;
			baseConfigurationReference = 2671DB6BC5C200D095A02185 /* Pods-XYLoveFreshBeen.release.xcconfig */;
			buildSettings = {
				ASSETCATALOG_COMPILER_APPICON_NAME = AppIcon;
				GCC_PRECOMPILE_PREFIX_HEADER = YES;
				GCC_PREFIX_HEADER = "$(SRCROOT)/XYLoveFreshBeen/PrefixHeader.pch";
				INFOPLIST_FILE = XYLoveFreshBeen/Info.plist;
				LD_RUNPATH_SEARCH_PATHS = "$(inherited) @executable_path/Frameworks";
				PRODUCT_BUNDLE_IDENTIFIER = xiaoyan.XYLoveFreshBeen;
				PRODUCT_NAME = "$(TARGET_NAME)";
			};
			name = Release;
		};
		3C7EAB9D1D8E827900803AC0 /* Debug */ = {
			isa = XCBuildConfiguration;
			baseConfigurationReference = 69B9046792D482E42B58E2F3 /* Pods-XYLoveFreshBeenTests.debug.xcconfig */;
			buildSettings = {
				BUNDLE_LOADER = "$(TEST_HOST)";
				INFOPLIST_FILE = XYLoveFreshBeenTests/Info.plist;
				LD_RUNPATH_SEARCH_PATHS = "$(inherited) @executable_path/Frameworks @loader_path/Frameworks";
				PRODUCT_BUNDLE_IDENTIFIER = xiaoyan.XYLoveFreshBeenTests;
				PRODUCT_NAME = "$(TARGET_NAME)";
				TEST_HOST = "$(BUILT_PRODUCTS_DIR)/XYLoveFreshBeen.app/XYLoveFreshBeen";
			};
			name = Debug;
		};
		3C7EAB9E1D8E827900803AC0 /* Release */ = {
			isa = XCBuildConfiguration;
			baseConfigurationReference = E621F9CF908DA473B3CDCA45 /* Pods-XYLoveFreshBeenTests.release.xcconfig */;
			buildSettings = {
				BUNDLE_LOADER = "$(TEST_HOST)";
				INFOPLIST_FILE = XYLoveFreshBeenTests/Info.plist;
				LD_RUNPATH_SEARCH_PATHS = "$(inherited) @executable_path/Frameworks @loader_path/Frameworks";
				PRODUCT_BUNDLE_IDENTIFIER = xiaoyan.XYLoveFreshBeenTests;
				PRODUCT_NAME = "$(TARGET_NAME)";
				TEST_HOST = "$(BUILT_PRODUCTS_DIR)/XYLoveFreshBeen.app/XYLoveFreshBeen";
			};
			name = Release;
		};
		3C7EABA01D8E827900803AC0 /* Debug */ = {
			isa = XCBuildConfiguration;
			baseConfigurationReference = 6BFC1EE48BC8EE031D209173 /* Pods-XYLoveFreshBeenUITests.debug.xcconfig */;
			buildSettings = {
				INFOPLIST_FILE = XYLoveFreshBeenUITests/Info.plist;
				LD_RUNPATH_SEARCH_PATHS = "$(inherited) @executable_path/Frameworks @loader_path/Frameworks";
				PRODUCT_BUNDLE_IDENTIFIER = xiaoyan.XYLoveFreshBeenUITests;
				PRODUCT_NAME = "$(TARGET_NAME)";
				TEST_TARGET_NAME = XYLoveFreshBeen;
			};
			name = Debug;
		};
		3C7EABA11D8E827900803AC0 /* Release */ = {
			isa = XCBuildConfiguration;
			baseConfigurationReference = 322A0D2E94F1624098C5077D /* Pods-XYLoveFreshBeenUITests.release.xcconfig */;
			buildSettings = {
				INFOPLIST_FILE = XYLoveFreshBeenUITests/Info.plist;
				LD_RUNPATH_SEARCH_PATHS = "$(inherited) @executable_path/Frameworks @loader_path/Frameworks";
				PRODUCT_BUNDLE_IDENTIFIER = xiaoyan.XYLoveFreshBeenUITests;
				PRODUCT_NAME = "$(TARGET_NAME)";
				TEST_TARGET_NAME = XYLoveFreshBeen;
			};
			name = Release;
		};
/* End XCBuildConfiguration section */

/* Begin XCConfigurationList section */
		3C7EAB671D8E827900803AC0 /* Build configuration list for PBXProject "XYLoveFreshBeen" */ = {
			isa = XCConfigurationList;
			buildConfigurations = (
				3C7EAB971D8E827900803AC0 /* Debug */,
				3C7EAB981D8E827900803AC0 /* Release */,
			);
			defaultConfigurationIsVisible = 0;
			defaultConfigurationName = Release;
		};
		3C7EAB991D8E827900803AC0 /* Build configuration list for PBXNativeTarget "XYLoveFreshBeen" */ = {
			isa = XCConfigurationList;
			buildConfigurations = (
				3C7EAB9A1D8E827900803AC0 /* Debug */,
				3C7EAB9B1D8E827900803AC0 /* Release */,
			);
			defaultConfigurationIsVisible = 0;
			defaultConfigurationName = Release;
		};
		3C7EAB9C1D8E827900803AC0 /* Build configuration list for PBXNativeTarget "XYLoveFreshBeenTests" */ = {
			isa = XCConfigurationList;
			buildConfigurations = (
				3C7EAB9D1D8E827900803AC0 /* Debug */,
				3C7EAB9E1D8E827900803AC0 /* Release */,
			);
			defaultConfigurationIsVisible = 0;
			defaultConfigurationName = Release;
		};
		3C7EAB9F1D8E827900803AC0 /* Build configuration list for PBXNativeTarget "XYLoveFreshBeenUITests" */ = {
			isa = XCConfigurationList;
			buildConfigurations = (
				3C7EABA01D8E827900803AC0 /* Debug */,
				3C7EABA11D8E827900803AC0 /* Release */,
			);
			defaultConfigurationIsVisible = 0;
			defaultConfigurationName = Release;
		};
/* End XCConfigurationList section */
	};
	rootObject = 3C7EAB641D8E827900803AC0 /* Project object */;
}
