// !$*UTF8*$!
{
	archiveVersion = 1;
	classes = {
	};
	objectVersion = 46;
	objects = {

/* Begin PBXBuildFile section */
		3C7EAB711D8E827900803AC0 /* main.m in Sources */ = {isa = PBXBuildFile; fileRef = 3C7EAB701D8E827900803AC0 /* main.m */; };
		3C7EAB741D8E827900803AC0 /* AppDelegate.m in Sources */ = {isa = PBXBuildFile; fileRef = 3C7EAB731D8E827900803AC0 /* AppDelegate.m */; };
		3C7EAB7A1D8E827900803AC0 /* Main.storyboard in Resources */ = {isa = PBXBuildFile; fileRef = 3C7EAB781D8E827900803AC0 /* Main.storyboard */; };
		3C7EAB7C1D8E827900803AC0 /* Assets.xcassets in Resources */ = {isa = PBXBuildFile; fileRef = 3C7EAB7B1D8E827900803AC0 /* Assets.xcassets */; };
		3C7EAB7F1D8E827900803AC0 /* LaunchScreen.storyboard in Resources */ = {isa = PBXBuildFile; fileRef = 3C7EAB7D1D8E827900803AC0 /* LaunchScreen.storyboard */; };
		3C7EAB8A1D8E827900803AC0 /* XYLoveFreshBeenTests.m in Sources */ = {isa = PBXBuildFile; fileRef = 3C7EAB891D8E827900803AC0 /* XYLoveFreshBeenTests.m */; };
		3C7EAB951D8E827900803AC0 /* XYLoveFreshBeenUITests.m in Sources */ = {isa = PBXBuildFile; fileRef = 3C7EAB941D8E827900803AC0 /* XYLoveFreshBeenUITests.m */; };
		3C7EABBF1D8E902500803AC0 /* XYAppConst.m in Sources */ = {isa = PBXBuildFile; fileRef = 3C7EABBE1D8E902500803AC0 /* XYAppConst.m */; };
		3C7EABC21D8E91E300803AC0 /* MainTabBarControll.m in Sources */ = {isa = PBXBuildFile; fileRef = 3C7EABC11D8E91E300803AC0 /* MainTabBarControll.m */; };
		3C7EABC81D8E924800803AC0 /* BaseViewController.m in Sources */ = {isa = PBXBuildFile; fileRef = 3C7EABC71D8E924800803AC0 /* BaseViewController.m */; };
		3C7EABCB1D8E929000803AC0 /* GuidePageController.m in Sources */ = {isa = PBXBuildFile; fileRef = 3C7EABCA1D8E929000803AC0 /* GuidePageController.m */; };
		3C7EABCE1D8EA34F00803AC0 /* GuideCell.m in Sources */ = {isa = PBXBuildFile; fileRef = 3C7EABCD1D8EA34F00803AC0 /* GuideCell.m */; };
		7293EED5028E9C32F5EAEB77 /* libPods-XYLoveFreshBeenUITests.a in Frameworks */ = {isa = PBXBuildFile; fileRef = 1CEC107D1CFCC5CF30F3DB6E /* libPods-XYLoveFreshBeenUITests.a */; };
		AC60CB3F78B1F6EC27EB0998 /* libPods-XYLoveFreshBeenTests.a in Frameworks */ = {isa = PBXBuildFile; fileRef = FE830DC6E78515C1DB74897E /* libPods-XYLoveFreshBeenTests.a */; };
		E5485BFCA7F9AF09568C73FB /* libPods-XYLoveFreshBeen.a in Frameworks */ = {isa = PBXBuildFile; fileRef = EFAE2D2FA67D9E4ECDB7733C /* libPods-XYLoveFreshBeen.a */; };
/* End PBXBuildFile section */

/* Begin PBXContainerItemProxy section */
		3C7EAB861D8E827900803AC0 /* PBXContainerItemProxy */ = {
			isa = PBXContainerItemProxy;
			containerPortal = 3C7EAB641D8E827900803AC0 /* Project object */;
			proxyType = 1;
			remoteGlobalIDString = 3C7EAB6B1D8E827900803AC0;
			remoteInfo = XYLoveFreshBeen;
		};
		3C7EAB911D8E827900803AC0 /* PBXContainerItemProxy */ = {
			isa = PBXContainerItemProxy;
			containerPortal = 3C7EAB641D8E827900803AC0 /* Project object */;
			proxyType = 1;
			remoteGlobalIDString = 3C7EAB6B1D8E827900803AC0;
			remoteInfo = XYLoveFreshBeen;
		};
/* End PBXContainerItemProxy section */

/* Begin PBXFileReference section */
		1CEC107D1CFCC5CF30F3DB6E /* libPods-XYLoveFreshBeenUITests.a */ = {isa = PBXFileReference; explicitFileType = archive.ar; includeInIndex = 0; path = "libPods-XYLoveFreshBeenUITests.a"; sourceTree = BUILT_PRODUCTS_DIR; };
		2671DB6BC5C200D095A02185 /* Pods-XYLoveFreshBeen.release.xcconfig */ = {isa = PBXFileReference; includeInIndex = 1; lastKnownFileType = text.xcconfig; name = "Pods-XYLoveFreshBeen.release.xcconfig"; path = "Pods/Target Support Files/Pods-XYLoveFreshBeen/Pods-XYLoveFreshBeen.release.xcconfig"; sourceTree = "<group>"; };
		322A0D2E94F1624098C5077D /* Pods-XYLoveFreshBeenUITests.release.xcconfig */ = {isa = PBXFileReference; includeInIndex = 1; lastKnownFileType = text.xcconfig; name = "Pods-XYLoveFreshBeenUITests.release.xcconfig"; path = "Pods/Target Support Files/Pods-XYLoveFreshBeenUITests/Pods-XYLoveFreshBeenUITests.release.xcconfig"; sourceTree = "<group>"; };
		3C7EAB6C1D8E827900803AC0 /* XYLoveFreshBeen.app */ = {isa = PBXFileReference; explicitFileType = wrapper.application; includeInIndex = 0; path = XYLoveFreshBeen.app; sourceTree = BUILT_PRODUCTS_DIR; };
		3C7EAB701D8E827900803AC0 /* main.m */ = {isa = PBXFileReference; lastKnownFileType = sourcecode.c.objc; path = main.m; sourceTree = "<group>"; };
		3C7EAB721D8E827900803AC0 /* AppDelegate.h */ = {isa = PBXFileReference; lastKnownFileType = sourcecode.c.h; path = AppDelegate.h; sourceTree = "<group>"; };
		3C7EAB731D8E827900803AC0 /* AppDelegate.m */ = {isa = PBXFileReference; lastKnownFileType = sourcecode.c.objc; path = AppDelegate.m; sourceTree = "<group>"; };
		3C7EAB791D8E827900803AC0 /* Base */ = {isa = PBXFileReference; lastKnownFileType = file.storyboard; name = Base; path = Base.lproj/Main.storyboard; sourceTree = "<group>"; };
		3C7EAB7B1D8E827900803AC0 /* Assets.xcassets */ = {isa = PBXFileReference; lastKnownFileType = folder.assetcatalog; path = Assets.xcassets; sourceTree = "<group>"; };
		3C7EAB7E1D8E827900803AC0 /* Base */ = {isa = PBXFileReference; lastKnownFileType = file.storyboard; name = Base; path = Base.lproj/LaunchScreen.storyboard; sourceTree = "<group>"; };
		3C7EAB801D8E827900803AC0 /* Info.plist */ = {isa = PBXFileReference; lastKnownFileType = text.plist.xml; path = Info.plist; sourceTree = "<group>"; };
		3C7EAB851D8E827900803AC0 /* XYLoveFreshBeenTests.xctest */ = {isa = PBXFileReference; explicitFileType = wrapper.cfbundle; includeInIndex = 0; path = XYLoveFreshBeenTests.xctest; sourceTree = BUILT_PRODUCTS_DIR; };
		3C7EAB891D8E827900803AC0 /* XYLoveFreshBeenTests.m */ = {isa = PBXFileReference; lastKnownFileType = sourcecode.c.objc; path = XYLoveFreshBeenTests.m; sourceTree = "<group>"; };
		3C7EAB8B1D8E827900803AC0 /* Info.plist */ = {isa = PBXFileReference; lastKnownFileType = text.plist.xml; path = Info.plist; sourceTree = "<group>"; };
		3C7EAB901D8E827900803AC0 /* XYLoveFreshBeenUITests.xctest */ = {isa = PBXFileReference; explicitFileType = wrapper.cfbundle; includeInIndex = 0; path = XYLoveFreshBeenUITests.xctest; sourceTree = BUILT_PRODUCTS_DIR; };
		3C7EAB941D8E827900803AC0 /* XYLoveFreshBeenUITests.m */ = {isa = PBXFileReference; lastKnownFileType = sourcecode.c.objc; path = XYLoveFreshBeenUITests.m; sourceTree = "<group>"; };
		3C7EAB961D8E827900803AC0 /* Info.plist */ = {isa = PBXFileReference; lastKnownFileType = text.plist.xml; path = Info.plist; sourceTree = "<group>"; };
		3C7EABB31D8E85CC00803AC0 /* PrefixHeader.pch */ = {isa = PBXFileReference; lastKnownFileType = sourcecode.c.h; path = PrefixHeader.pch; sourceTree = "<group>"; };
		3C7EABBD1D8E902500803AC0 /* XYAppConst.h */ = {isa = PBXFileReference; fileEncoding = 4; lastKnownFileType = sourcecode.c.h; path = XYAppConst.h; sourceTree = "<group>"; };
		3C7EABBE1D8E902500803AC0 /* XYAppConst.m */ = {isa = PBXFileReference; fileEncoding = 4; lastKnownFileType = sourcecode.c.objc; path = XYAppConst.m; sourceTree = "<group>"; };
		3C7EABC01D8E91E300803AC0 /* MainTabBarControll.h */ = {isa = PBXFileReference; fileEncoding = 4; lastKnownFileType = sourcecode.c.h; path = MainTabBarControll.h; sourceTree = "<group>"; };
		3C7EABC11D8E91E300803AC0 /* MainTabBarControll.m */ = {isa = PBXFileReference; fileEncoding = 4; lastKnownFileType = sourcecode.c.objc; path = MainTabBarControll.m; sourceTree = "<group>"; };
		3C7EABC61D8E924800803AC0 /* BaseViewController.h */ = {isa = PBXFileReference; fileEncoding = 4; lastKnownFileType = sourcecode.c.h; path = BaseViewController.h; sourceTree = "<group>"; };
		3C7EABC71D8E924800803AC0 /* BaseViewController.m */ = {isa = PBXFileReference; fileEncoding = 4; lastKnownFileType = sourcecode.c.objc; path = BaseViewController.m; sourceTree = "<group>"; };
		3C7EABC91D8E929000803AC0 /* GuidePageController.h */ = {isa = PBXFileReference; fileEncoding = 4; lastKnownFileType = sourcecode.c.h; path = GuidePageController.h; sourceTree = "<group>"; };
		3C7EABCA1D8E929000803AC0 /* GuidePageController.m */ = {isa = PBXFileReference; fileEncoding = 4; lastKnownFileType = sourcecode.c.objc; path = GuidePageController.m; sourceTree = "<group>"; };
		3C7EABCC1D8EA34F00803AC0 /* GuideCell.h */ = {isa = PBXFileReference; fileEncoding = 4; lastKnownFileType = sourcecode.c.h; path = GuideCell.h; sourceTree = "<group>"; };
		3C7EABCD1D8EA34F00803AC0 /* GuideCell.m */ = {isa = PBXFileReference; fileEncoding = 4; lastKnownFileType = sourcecode.c.objc; path = GuideCell.m; sourceTree = "<group>"; };
		69B9046792D482E42B58E2F3 /* Pods-XYLoveFreshBeenTests.debug.xcconfig */ = {isa = PBXFileReference; includeInIndex = 1; lastKnownFileType = text.xcconfig; name = "Pods-XYLoveFreshBeenTests.debug.xcconfig"; path = "Pods/Target Support Files/Pods-XYLoveFreshBeenTests/Pods-XYLoveFreshBeenTests.debug.xcconfig"; sourceTree = "<group>"; };
		6BFC1EE48BC8EE031D209173 /* Pods-XYLoveFreshBeenUITests.debug.xcconfig */ = {isa = PBXFileReference; includeInIndex = 1; lastKnownFileType = text.xcconfig; name = "Pods-XYLoveFreshBeenUITests.debug.xcconfig"; path = "Pods/Target Support Files/Pods-XYLoveFreshBeenUITests/Pods-XYLoveFreshBeenUITests.debug.xcconfig"; sourceTree = "<group>"; };
		8D1C65F55864DFA11AD5DEE9 /* Pods-XYLoveFreshBeen.debug.xcconfig */ = {isa = PBXFileReference; includeInIndex = 1; lastKnownFileType = text.xcconfig; name = "Pods-XYLoveFreshBeen.debug.xcconfig"; path = "Pods/Target Support Files/Pods-XYLoveFreshBeen/Pods-XYLoveFreshBeen.debug.xcconfig"; sourceTree = "<group>"; };
		E621F9CF908DA473B3CDCA45 /* Pods-XYLoveFreshBeenTests.release.xcconfig */ = {isa = PBXFileReference; includeInIndex = 1; lastKnownFileType = text.xcconfig; name = "Pods-XYLoveFreshBeenTests.release.xcconfig"; path = "Pods/Target Support Files/Pods-XYLoveFreshBeenTests/Pods-XYLoveFreshBeenTests.release.xcconfig"; sourceTree = "<group>"; };
		EFAE2D2FA67D9E4ECDB7733C /* libPods-XYLoveFreshBeen.a */ = {isa = PBXFileReference; explicitFileType = archive.ar; includeInIndex = 0; path = "libPods-XYLoveFreshBeen.a"; sourceTree = BUILT_PRODUCTS_DIR; };
		FE830DC6E78515C1DB74897E /* libPods-XYLoveFreshBeenTests.a */ = {isa = PBXFileReference; explicitFileType = archive.ar; includeInIndex = 0; path = "libPods-XYLoveFreshBeenTests.a"; sourceTree = BUILT_PRODUCTS_DIR; };
/* End PBXFileReference section */

/* Begin PBXFrameworksBuildPhase section */
		3C7EAB691D8E827900803AC0 /* Frameworks */ = {
			isa = PBXFrameworksBuildPhase;
			buildActionMask = 2147483647;
			files = (
				E5485BFCA7F9AF09568C73FB /* libPods-XYLoveFreshBeen.a in Frameworks */,
			);
			runOnlyForDeploymentPostprocessing = 0;
		};
		3C7EAB821D8E827900803AC0 /* Frameworks */ = {
			isa = PBXFrameworksBuildPhase;
			buildActionMask = 2147483647;
			files = (
				AC60CB3F78B1F6EC27EB0998 /* libPods-XYLoveFreshBeenTests.a in Frameworks */,
			);
			runOnlyForDeploymentPostprocessing = 0;
		};
		3C7EAB8D1D8E827900803AC0 /* Frameworks */ = {
			isa = PBXFrameworksBuildPhase;
			buildActionMask = 2147483647;
			files = (
				7293EED5028E9C32F5EAEB77 /* libPods-XYLoveFreshBeenUITests.a in Frameworks */,
			);
			runOnlyForDeploymentPostprocessing = 0;
		};
/* End PBXFrameworksBuildPhase section */

/* Begin PBXGroup section */
		2B24BBC5E0DC34AC9C2A7F89 /* Frameworks */ = {
			isa = PBXGroup;
			children = (
				EFAE2D2FA67D9E4ECDB7733C /* libPods-XYLoveFreshBeen.a */,
				FE830DC6E78515C1DB74897E /* libPods-XYLoveFreshBeenTests.a */,
				1CEC107D1CFCC5CF30F3DB6E /* libPods-XYLoveFreshBeenUITests.a */,
			);
			name = Frameworks;
			sourceTree = "<group>";
		};
		3C7EAB631D8E827900803AC0 = {
			isa = PBXGroup;
			children = (
				3C7EAB6E1D8E827900803AC0 /* XYLoveFreshBeen */,
				3C7EAB881D8E827900803AC0 /* XYLoveFreshBeenTests */,
				3C7EAB931D8E827900803AC0 /* XYLoveFreshBeenUITests */,
				3C7EAB6D1D8E827900803AC0 /* Products */,
				6B9A654269A42980B0B5890D /* Pods */,
				2B24BBC5E0DC34AC9C2A7F89 /* Frameworks */,
			);
			sourceTree = "<group>";
		};
		3C7EAB6D1D8E827900803AC0 /* Products */ = {
			isa = PBXGroup;
			children = (
				3C7EAB6C1D8E827900803AC0 /* XYLoveFreshBeen.app */,
				3C7EAB851D8E827900803AC0 /* XYLoveFreshBeenTests.xctest */,
				3C7EAB901D8E827900803AC0 /* XYLoveFreshBeenUITests.xctest */,
			);
			name = Products;
			sourceTree = "<group>";
		};
		3C7EAB6E1D8E827900803AC0 /* XYLoveFreshBeen */ = {
			isa = PBXGroup;
			children = (
				3C7EABB41D8E8C8900803AC0 /* GuidePage */,
				3C7EABA61D8E851600803AC0 /* Other */,
				3C7EABA51D8E850800803AC0 /* My */,
				3C7EABA41D8E84F800803AC0 /* ShoppingCart */,
				3C7EABA31D8E849A00803AC0 /* LightningSupermarket */,
				3C7EABA21D8E847E00803AC0 /* HomePage */,
				3C7EAB6F1D8E827900803AC0 /* Supporting Files */,
			);
			path = XYLoveFreshBeen;
			sourceTree = "<group>";
		};
		3C7EAB6F1D8E827900803AC0 /* Supporting Files */ = {
			isa = PBXGroup;
			children = (
				3C7EAB721D8E827900803AC0 /* AppDelegate.h */,
				3C7EAB731D8E827900803AC0 /* AppDelegate.m */,
				3C7EAB781D8E827900803AC0 /* Main.storyboard */,
				3C7EAB7B1D8E827900803AC0 /* Assets.xcassets */,
				3C7EAB7D1D8E827900803AC0 /* LaunchScreen.storyboard */,
				3C7EAB801D8E827900803AC0 /* Info.plist */,
				3C7EAB701D8E827900803AC0 /* main.m */,
			);
			name = "Supporting Files";
			sourceTree = "<group>";
		};
		3C7EAB881D8E827900803AC0 /* XYLoveFreshBeenTests */ = {
			isa = PBXGroup;
			children = (
				3C7EAB891D8E827900803AC0 /* XYLoveFreshBeenTests.m */,
				3C7EAB8B1D8E827900803AC0 /* Info.plist */,
			);
			path = XYLoveFreshBeenTests;
			sourceTree = "<group>";
		};
		3C7EAB931D8E827900803AC0 /* XYLoveFreshBeenUITests */ = {
			isa = PBXGroup;
			children = (
				3C7EAB941D8E827900803AC0 /* XYLoveFreshBeenUITests.m */,
				3C7EAB961D8E827900803AC0 /* Info.plist */,
			);
			path = XYLoveFreshBeenUITests;
			sourceTree = "<group>";
		};
		3C7EABA21D8E847E00803AC0 /* HomePage */ = {
			isa = PBXGroup;
			children = (
				3C7EABA91D8E854800803AC0 /* Model */,
				3C7EABA81D8E854100803AC0 /* View */,
				3C7EABA71D8E853100803AC0 /* Controller */,
			);
			name = HomePage;
			sourceTree = "<group>";
		};
		3C7EABA31D8E849A00803AC0 /* LightningSupermarket */ = {
			isa = PBXGroup;
			children = (
				3C7EABAC1D8E856200803AC0 /* Model */,
				3C7EABAB1D8E855C00803AC0 /* View */,
				3C7EABAA1D8E855200803AC0 /* Controller */,
			);
			name = LightningSupermarket;
			sourceTree = "<group>";
		};
		3C7EABA41D8E84F800803AC0 /* ShoppingCart */ = {
			isa = PBXGroup;
			children = (
				3C7EABAF1D8E857E00803AC0 /* Model */,
				3C7EABAE1D8E857500803AC0 /* View */,
				3C7EABAD1D8E856C00803AC0 /* Controller */,
			);
			name = ShoppingCart;
			sourceTree = "<group>";
		};
		3C7EABA51D8E850800803AC0 /* My */ = {
			isa = PBXGroup;
			children = (
				3C7EABB21D8E859A00803AC0 /* Model */,
				3C7EABB11D8E859500803AC0 /* View */,
				3C7EABB01D8E858900803AC0 /* Controller */,
			);
			name = My;
			sourceTree = "<group>";
		};
		3C7EABA61D8E851600803AC0 /* Other */ = {
			isa = PBXGroup;
			children = (
				3C7EABB31D8E85CC00803AC0 /* PrefixHeader.pch */,
				3C7EABBD1D8E902500803AC0 /* XYAppConst.h */,
				3C7EABBE1D8E902500803AC0 /* XYAppConst.m */,
			);
			name = Other;
			sourceTree = "<group>";
		};
		3C7EABA71D8E853100803AC0 /* Controller */ = {
			isa = PBXGroup;
			children = (
				3C7EABC01D8E91E300803AC0 /* MainTabBarControll.h */,
				3C7EABC11D8E91E300803AC0 /* MainTabBarControll.m */,
			);
			name = Controller;
			sourceTree = "<group>";
		};
		3C7EABA81D8E854100803AC0 /* View */ = {
			isa = PBXGroup;
			children = (
			);
			name = View;
			sourceTree = "<group>";
		};
		3C7EABA91D8E854800803AC0 /* Model */ = {
			isa = PBXGroup;
			children = (
			);
			name = Model;
			sourceTree = "<group>";
		};
		3C7EABAA1D8E855200803AC0 /* Controller */ = {
			isa = PBXGroup;
			children = (
			);
			name = Controller;
			sourceTree = "<group>";
		};
		3C7EABAB1D8E855C00803AC0 /* View */ = {
			isa = PBXGroup;
			children = (
			);
			name = View;
			sourceTree = "<group>";
		};
		3C7EABAC1D8E856200803AC0 /* Model */ = {
			isa = PBXGroup;
			children = (
			);
			name = Model;
			sourceTree = "<group>";
		};
		3C7EABAD1D8E856C00803AC0 /* Controller */ = {
			isa = PBXGroup;
			children = (
			);
			name = Controller;
			sourceTree = "<group>";
		};
		3C7EABAE1D8E857500803AC0 /* View */ = {
			isa = PBXGroup;
			children = (
			);
			name = View;
			sourceTree = "<group>";
		};
		3C7EABAF1D8E857E00803AC0 /* Model */ = {
			isa = PBXGroup;
			children = (
			);
			name = Model;
			sourceTree = "<group>";
		};
		3C7EABB01D8E858900803AC0 /* Controller */ = {
			isa = PBXGroup;
			children = (
			);
			name = Controller;
			sourceTree = "<group>";
		};
		3C7EABB11D8E859500803AC0 /* View */ = {
			isa = PBXGroup;
			children = (
			);
			name = View;
			sourceTree = "<group>";
		};
		3C7EABB21D8E859A00803AC0 /* Model */ = {
			isa = PBXGroup;
			children = (
			);
			name = Model;
			sourceTree = "<group>";
		};
		3C7EABB41D8E8C8900803AC0 /* GuidePage */ = {
			isa = PBXGroup;
			children = (
				3C7EABC51D8E920B00803AC0 /* Model */,
				3C7EABC41D8E91FC00803AC0 /* View */,
				3C7EABC31D8E91F000803AC0 /* Controller */,
			);
			name = GuidePage;
			sourceTree = "<group>";
		};
		3C7EABC31D8E91F000803AC0 /* Controller */ = {
			isa = PBXGroup;
			children = (
				3C7EABC61D8E924800803AC0 /* BaseViewController.h */,
				3C7EABC71D8E924800803AC0 /* BaseViewController.m */,
				3C7EABC91D8E929000803AC0 /* GuidePageController.h */,
				3C7EABCA1D8E929000803AC0 /* GuidePageController.m */,
			);
			name = Controller;
			sourceTree = "<group>";
		};
		3C7EABC41D8E91FC00803AC0 /* View */ = {
			isa = PBXGroup;
			children = (
				3C7EABCC1D8EA34F00803AC0 /* GuideCell.h */,
				3C7EABCD1D8EA34F00803AC0 /* GuideCell.m */,
			);
			name = View;
			sourceTree = "<group>";
		};
		3C7EABC51D8E920B00803AC0 /* Model */ = {
			isa = PBXGroup;
			children = (
			);
			name = Model;
			sourceTree = "<group>";
		};
		6B9A654269A42980B0B5890D /* Pods */ = {
			isa = PBXGroup;
			children = (
				8D1C65F55864DFA11AD5DEE9 /* Pods-XYLoveFreshBeen.debug.xcconfig */,
				2671DB6BC5C200D095A02185 /* Pods-XYLoveFreshBeen.release.xcconfig */,
				69B9046792D482E42B58E2F3 /* Pods-XYLoveFreshBeenTests.debug.xcconfig */,
				E621F9CF908DA473B3CDCA45 /* Pods-XYLoveFreshBeenTests.release.xcconfig */,
				6BFC1EE48BC8EE031D209173 /* Pods-XYLoveFreshBeenUITests.debug.xcconfig */,
				322A0D2E94F1624098C5077D /* Pods-XYLoveFreshBeenUITests.release.xcconfig */,
			);
			name = Pods;
			sourceTree = "<group>";
		};
/* End PBXGroup section */

/* Begin PBXNativeTarget section */
		3C7EAB6B1D8E827900803AC0 /* XYLoveFreshBeen */ = {
			isa = PBXNativeTarget;
			buildConfigurationList = 3C7EAB991D8E827900803AC0 /* Build configuration list for PBXNativeTarget "XYLoveFreshBeen" */;
			buildPhases = (
				B2D16162F5A9EE48713871BC /* [CP] Check Pods Manifest.lock */,
				3C7EAB681D8E827900803AC0 /* Sources */,
				3C7EAB691D8E827900803AC0 /* Frameworks */,
				3C7EAB6A1D8E827900803AC0 /* Resources */,
				E65DAB7EE8562353E30ABCB6 /* [CP] Embed Pods Frameworks */,
				9F72601C15E7F4F44469915F /* [CP] Copy Pods Resources */,
			);
			buildRules = (
			);
			dependencies = (
			);
			name = XYLoveFreshBeen;
			productName = XYLoveFreshBeen;
			productReference = 3C7EAB6C1D8E827900803AC0 /* XYLoveFreshBeen.app */;
			productType = "com.apple.product-type.application";
		};
		3C7EAB841D8E827900803AC0 /* XYLoveFreshBeenTests */ = {
			isa = PBXNativeTarget;
			buildConfigurationList = 3C7EAB9C1D8E827900803AC0 /* Build configuration list for PBXNativeTarget "XYLoveFreshBeenTests" */;
			buildPhases = (
				E8C5EC8195A0D4F4C1482D85 /* [CP] Check Pods Manifest.lock */,
				3C7EAB811D8E827900803AC0 /* Sources */,
				3C7EAB821D8E827900803AC0 /* Frameworks */,
				3C7EAB831D8E827900803AC0 /* Resources */,
				C0E7EFF15C2DEA9354252D0C /* [CP] Embed Pods Frameworks */,
				27B4C35F8384317B53B1EDDC /* [CP] Copy Pods Resources */,
			);
			buildRules = (
			);
			dependencies = (
				3C7EAB871D8E827900803AC0 /* PBXTargetDependency */,
			);
			name = XYLoveFreshBeenTests;
			productName = XYLoveFreshBeenTests;
			productReference = 3C7EAB851D8E827900803AC0 /* XYLoveFreshBeenTests.xctest */;
			productType = "com.apple.product-type.bundle.unit-test";
		};
		3C7EAB8F1D8E827900803AC0 /* XYLoveFreshBeenUITests */ = {
			isa = PBXNativeTarget;
			buildConfigurationList = 3C7EAB9F1D8E827900803AC0 /* Build configuration list for PBXNativeTarget "XYLoveFreshBeenUITests" */;
			buildPhases = (
				D414E381F4814AEDD53D39A3 /* [CP] Check Pods Manifest.lock */,
				3C7EAB8C1D8E827900803AC0 /* Sources */,
				3C7EAB8D1D8E827900803AC0 /* Frameworks */,
				3C7EAB8E1D8E827900803AC0 /* Resources */,
				BAE103964DAAF4ECFF4250E5 /* [CP] Embed Pods Frameworks */,
				FD70AFC76498581B0CCE4EF1 /* [CP] Copy Pods Resources */,
			);
			buildRules = (
			);
			dependencies = (
				3C7EAB921D8E827900803AC0 /* PBXTargetDependency */,
			);
			name = XYLoveFreshBeenUITests;
			productName = XYLoveFreshBeenUITests;
			productReference = 3C7EAB901D8E827900803AC0 /* XYLoveFreshBeenUITests.xctest */;
			productType = "com.apple.product-type.bundle.ui-testing";
		};
/* End PBXNativeTarget section */

/* Begin PBXProject section */
		3C7EAB641D8E827900803AC0 /* Project object */ = {
			isa = PBXProject;
			attributes = {
				LastUpgradeCheck = 0800;
				ORGANIZATIONNAME = "闫世超";
				TargetAttributes = {
					3C7EAB6B1D8E827900803AC0 = {
						CreatedOnToolsVersion = 8.0;
						ProvisioningStyle = Automatic;
					};
					3C7EAB841D8E827900803AC0 = {
						CreatedOnToolsVersion = 8.0;
						ProvisioningStyle = Automatic;
						TestTargetID = 3C7EAB6B1D8E827900803AC0;
					};
					3C7EAB8F1D8E827900803AC0 = {
						CreatedOnToolsVersion = 8.0;
						ProvisioningStyle = Automatic;
						TestTargetID = 3C7EAB6B1D8E827900803AC0;
					};
				};
			};
			buildConfigurationList = 3C7EAB671D8E827900803AC0 /* Build configuration list for PBXProject "XYLoveFreshBeen" */;
			compatibilityVersion = "Xcode 3.2";
			developmentRegion = English;
			hasScannedForEncodings = 0;
			knownRegions = (
				en,
				Base,
			);
			mainGroup = 3C7EAB631D8E827900803AC0;
			productRefGroup = 3C7EAB6D1D8E827900803AC0 /* Products */;
			projectDirPath = "";
			projectRoot = "";
			targets = (
				3C7EAB6B1D8E827900803AC0 /* XYLoveFreshBeen */,
				3C7EAB841D8E827900803AC0 /* XYLoveFreshBeenTests */,
				3C7EAB8F1D8E827900803AC0 /* XYLoveFreshBeenUITests */,
			);
		};
/* End PBXProject section */

/* Begin PBXResourcesBuildPhase section */
		3C7EAB6A1D8E827900803AC0 /* Resources */ = {
			isa = PBXResourcesBuildPhase;
			buildActionMask = 2147483647;
			files = (
				3C7EAB7F1D8E827900803AC0 /* LaunchScreen.storyboard in Resources */,
				3C7EAB7C1D8E827900803AC0 /* Assets.xcassets in Resources */,
				3C7EAB7A1D8E827900803AC0 /* Main.storyboard in Resources */,
			);
			runOnlyForDeploymentPostprocessing = 0;
		};
		3C7EAB831D8E827900803AC0 /* Resources */ = {
			isa = PBXResourcesBuildPhase;
			buildActionMask = 2147483647;
			files = (
			);
			runOnlyForDeploymentPostprocessing = 0;
		};
		3C7EAB8E1D8E827900803AC0 /* Resources */ = {
			isa = PBXResourcesBuildPhase;
			buildActionMask = 2147483647;
			files = (
			);
			runOnlyForDeploymentPostprocessing = 0;
		};
/* End PBXResourcesBuildPhase section */

/* Begin PBXShellScriptBuildPhase section */
		27B4C35F8384317B53B1EDDC /* [CP] Copy Pods Resources */ = {
			isa = PBXShellScriptBuildPhase;
			buildActionMask = 2147483647;
			files = (
			);
			inputPaths = (
			);
			name = "[CP] Copy Pods Resources";
			outputPaths = (
			);
			runOnlyForDeploymentPostprocessing = 0;
			shellPath = /bin/sh;
			shellScript = "\"${SRCROOT}/Pods/Target Support Files/Pods-XYLoveFreshBeenTests/Pods-XYLoveFreshBeenTests-resources.sh\"\n";
			showEnvVarsInLog = 0;
		};
		9F72601C15E7F4F44469915F /* [CP] Copy Pods Resources */ = {
			isa = PBXShellScriptBuildPhase;
			buildActionMask = 2147483647;
			files = (
			);
			inputPaths = (
			);
			name = "[CP] Copy Pods Resources";
			outputPaths = (
			);
			runOnlyForDeploymentPostprocessing = 0;
			shellPath = /bin/sh;
			shellScript = "\"${SRCROOT}/Pods/Target Support Files/Pods-XYLoveFreshBeen/Pods-XYLoveFreshBeen-resources.sh\"\n";
			showEnvVarsInLog = 0;
		};
		B2D16162F5A9EE48713871BC /* [CP] Check Pods Manifest.lock */ = {
			isa = PBXShellScriptBuildPhase;
			buildActionMask = 2147483647;
			files = (
			);
			inputPaths = (
			);
			name = "[CP] Check Pods Manifest.lock";
			outputPaths = (
			);
			runOnlyForDeploymentPostprocessing = 0;
			shellPath = /bin/sh;
			shellScript = "diff \"${PODS_ROOT}/../Podfile.lock\" \"${PODS_ROOT}/Manifest.lock\" > /dev/null\nif [ $? != 0 ] ; then\n    # print error to STDERR\n    echo \"error: The sandbox is not in sync with the Podfile.lock. Run 'pod install' or update your CocoaPods installation.\" >&2\n    exit 1\nfi\n";
			showEnvVarsInLog = 0;
		};
		BAE103964DAAF4ECFF4250E5 /* [CP] Embed Pods Frameworks */ = {
			isa = PBXShellScriptBuildPhase;
			buildActionMask = 2147483647;
			files = (
			);
			inputPaths = (
			);
			name = "[CP] Embed Pods Frameworks";
			outputPaths = (
			);
			runOnlyForDeploymentPostprocessing = 0;
			shellPath = /bin/sh;
			shellScript = "\"${SRCROOT}/Pods/Target Support Files/Pods-XYLoveFreshBeenUITests/Pods-XYLoveFreshBeenUITests-frameworks.sh\"\n";
			showEnvVarsInLog = 0;
		};
		C0E7EFF15C2DEA9354252D0C /* [CP] Embed Pods Frameworks */ = {
			isa = PBXShellScriptBuildPhase;
			buildActionMask = 2147483647;
			files = (
			);
			inputPaths = (
			);
			name = "[CP] Embed Pods Frameworks";
			outputPaths = (
			);
			runOnlyForDeploymentPostprocessing = 0;
			shellPath = /bin/sh;
			shellScript = "\"${SRCROOT}/Pods/Target Support Files/Pods-XYLoveFreshBeenTests/Pods-XYLoveFreshBeenTests-frameworks.sh\"\n";
			showEnvVarsInLog = 0;
		};
		D414E381F4814AEDD53D39A3 /* [CP] Check Pods Manifest.lock */ = {
			isa = PBXShellScriptBuildPhase;
			buildActionMask = 2147483647;
			files = (
			);
			inputPaths = (
			);
			name = "[CP] Check Pods Manifest.lock";
			outputPaths = (
			);
			runOnlyForDeploymentPostprocessing = 0;
			shellPath = /bin/sh;
			shellScript = "diff \"${PODS_ROOT}/../Podfile.lock\" \"${PODS_ROOT}/Manifest.lock\" > /dev/null\nif [ $? != 0 ] ; then\n    # print error to STDERR\n    echo \"error: The sandbox is not in sync with the Podfile.lock. Run 'pod install' or update your CocoaPods installation.\" >&2\n    exit 1\nfi\n";
			showEnvVarsInLog = 0;
		};
		E65DAB7EE8562353E30ABCB6 /* [CP] Embed Pods Frameworks */ = {
			isa = PBXShellScriptBuildPhase;
			buildActionMask = 2147483647;
			files = (
			);
			inputPaths = (
			);
			name = "[CP] Embed Pods Frameworks";
			outputPaths = (
			);
			runOnlyForDeploymentPostprocessing = 0;
			shellPath = /bin/sh;
			shellScript = "\"${SRCROOT}/Pods/Target Support Files/Pods-XYLoveFreshBeen/Pods-XYLoveFreshBeen-frameworks.sh\"\n";
			showEnvVarsInLog = 0;
		};
		E8C5EC8195A0D4F4C1482D85 /* [CP] Check Pods Manifest.lock */ = {
			isa = PBXShellScriptBuildPhase;
			buildActionMask = 2147483647;
			files = (
			);
			inputPaths = (
			);
			name = "[CP] Check Pods Manifest.lock";
			outputPaths = (
			);
			runOnlyForDeploymentPostprocessing = 0;
			shellPath = /bin/sh;
			shellScript = "diff \"${PODS_ROOT}/../Podfile.lock\" \"${PODS_ROOT}/Manifest.lock\" > /dev/null\nif [ $? != 0 ] ; then\n    # print error to STDERR\n    echo \"error: The sandbox is not in sync with the Podfile.lock. Run 'pod install' or update your CocoaPods installation.\" >&2\n    exit 1\nfi\n";
			showEnvVarsInLog = 0;
		};
		FD70AFC76498581B0CCE4EF1 /* [CP] Copy Pods Resources */ = {
			isa = PBXShellScriptBuildPhase;
			buildActionMask = 2147483647;
			files = (
			);
			inputPaths = (
			);
			name = "[CP] Copy Pods Resources";
			outputPaths = (
			);
			runOnlyForDeploymentPostprocessing = 0;
			shellPath = /bin/sh;
			shellScript = "\"${SRCROOT}/Pods/Target Support Files/Pods-XYLoveFreshBeenUITests/Pods-XYLoveFreshBeenUITests-resources.sh\"\n";
			showEnvVarsInLog = 0;
		};
/* End PBXShellScriptBuildPhase section */

/* Begin PBXSourcesBuildPhase section */
		3C7EAB681D8E827900803AC0 /* Sources */ = {
			isa = PBXSourcesBuildPhase;
			buildActionMask = 2147483647;
			files = (
				3C7EABCE1D8EA34F00803AC0 /* GuideCell.m in Sources */,
				3C7EAB741D8E827900803AC0 /* AppDelegate.m in Sources */,
				3C7EABCB1D8E929000803AC0 /* GuidePageController.m in Sources */,
				3C7EABC81D8E924800803AC0 /* BaseViewController.m in Sources */,
				3C7EABC21D8E91E300803AC0 /* MainTabBarControll.m in Sources */,
				3C7EAB711D8E827900803AC0 /* main.m in Sources */,
				3C7EABBF1D8E902500803AC0 /* XYAppConst.m in Sources */,
			);
			runOnlyForDeploymentPostprocessing = 0;
		};
		3C7EAB811D8E827900803AC0 /* Sources */ = {
			isa = PBXSourcesBuildPhase;
			buildActionMask = 2147483647;
			files = (
				3C7EAB8A1D8E827900803AC0 /* XYLoveFreshBeenTests.m in Sources */,
			);
			runOnlyForDeploymentPostprocessing = 0;
		};
		3C7EAB8C1D8E827900803AC0 /* Sources */ = {
			isa = PBXSourcesBuildPhase;
			buildActionMask = 2147483647;
			files = (
				3C7EAB951D8E827900803AC0 /* XYLoveFreshBeenUITests.m in Sources */,
			);
			runOnlyForDeploymentPostprocessing = 0;
		};
/* End PBXSourcesBuildPhase section */

/* Begin PBXTargetDependency section */
		3C7EAB871D8E827900803AC0 /* PBXTargetDependency */ = {
			isa = PBXTargetDependency;
			target = 3C7EAB6B1D8E827900803AC0 /* XYLoveFreshBeen */;
			targetProxy = 3C7EAB861D8E827900803AC0 /* PBXContainerItemProxy */;
		};
		3C7EAB921D8E827900803AC0 /* PBXTargetDependency */ = {
			isa = PBXTargetDependency;
			target = 3C7EAB6B1D8E827900803AC0 /* XYLoveFreshBeen */;
			targetProxy = 3C7EAB911D8E827900803AC0 /* PBXContainerItemProxy */;
		};
/* End PBXTargetDependency section */

/* Begin PBXVariantGroup section */
		3C7EAB781D8E827900803AC0 /* Main.storyboard */ = {
			isa = PBXVariantGroup;
			children = (
				3C7EAB791D8E827900803AC0 /* Base */,
			);
			name = Main.storyboard;
			sourceTree = "<group>";
		};
		3C7EAB7D1D8E827900803AC0 /* LaunchScreen.storyboard */ = {
			isa = PBXVariantGroup;
			children = (
				3C7EAB7E1D8E827900803AC0 /* Base */,
			);
			name = LaunchScreen.storyboard;
			sourceTree = "<group>";
		};
/* End PBXVariantGroup section */

/* Begin XCBuildConfiguration section */
		3C7EAB971D8E827900803AC0 /* Debug */ = {
			isa = XCBuildConfiguration;
			buildSettings = {
				ALWAYS_SEARCH_USER_PATHS = NO;
				CLANG_ANALYZER_NONNULL = YES;
				CLANG_CXX_LANGUAGE_STANDARD = "gnu++0x";
				CLANG_CXX_LIBRARY = "libc++";
				CLANG_ENABLE_MODULES = YES;
				CLANG_ENABLE_OBJC_ARC = YES;
				CLANG_WARN_BOOL_CONVERSION = YES;
				CLANG_WARN_CONSTANT_CONVERSION = YES;
				CLANG_WARN_DIRECT_OBJC_ISA_USAGE = YES_ERROR;
				CLANG_WARN_DOCUMENTATION_COMMENTS = YES;
				CLANG_WARN_EMPTY_BODY = YES;
				CLANG_WARN_ENUM_CONVERSION = YES;
				CLANG_WARN_INFINITE_RECURSION = YES;
				CLANG_WARN_INT_CONVERSION = YES;
				CLANG_WARN_OBJC_ROOT_CLASS = YES_ERROR;
				CLANG_WARN_SUSPICIOUS_MOVES = YES;
				CLANG_WARN_UNREACHABLE_CODE = YES;
				CLANG_WARN__DUPLICATE_METHOD_MATCH = YES;
				"CODE_SIGN_IDENTITY[sdk=iphoneos*]" = "iPhone Developer";
				COPY_PHASE_STRIP = NO;
				DEBUG_INFORMATION_FORMAT = dwarf;
				ENABLE_STRICT_OBJC_MSGSEND = YES;
				ENABLE_TESTABILITY = YES;
				GCC_C_LANGUAGE_STANDARD = gnu99;
				GCC_DYNAMIC_NO_PIC = NO;
				GCC_NO_COMMON_BLOCKS = YES;
				GCC_OPTIMIZATION_LEVEL = 0;
				GCC_PREPROCESSOR_DEFINITIONS = (
					"DEBUG=1",
					"$(inherited)",
				);
				GCC_WARN_64_TO_32_BIT_CONVERSION = YES;
				GCC_WARN_ABOUT_RETURN_TYPE = YES_ERROR;
				GCC_WARN_UNDECLARED_SELECTOR = YES;
				GCC_WARN_UNINITIALIZED_AUTOS = YES_AGGRESSIVE;
				GCC_WARN_UNUSED_FUNCTION = YES;
				GCC_WARN_UNUSED_VARIABLE = YES;
				IPHONEOS_DEPLOYMENT_TARGET = 10.0;
				MTL_ENABLE_DEBUG_INFO = YES;
				ONLY_ACTIVE_ARCH = YES;
				SDKROOT = iphoneos;
				TARGETED_DEVICE_FAMILY = "1,2";
			};
			name = Debug;
		};
		3C7EAB981D8E827900803AC0 /* Release */ = {
			isa = XCBuildConfiguration;
			buildSettings = {
				ALWAYS_SEARCH_USER_PATHS = NO;
				CLANG_ANALYZER_NONNULL = YES;
				CLANG_CXX_LANGUAGE_STANDARD = "gnu++0x";
				CLANG_CXX_LIBRARY = "libc++";
				CLANG_ENABLE_MODULES = YES;
				CLANG_ENABLE_OBJC_ARC = YES;
				CLANG_WARN_BOOL_CONVERSION = YES;
				CLANG_WARN_CONSTANT_CONVERSION = YES;
				CLANG_WARN_DIRECT_OBJC_ISA_USAGE = YES_ERROR;
				CLANG_WARN_DOCUMENTATION_COMMENTS = YES;
				CLANG_WARN_EMPTY_BODY = YES;
				CLANG_WARN_ENUM_CONVERSION = YES;
				CLANG_WARN_INFINITE_RECURSION = YES;
				CLANG_WARN_INT_CONVERSION = YES;
				CLANG_WARN_OBJC_ROOT_CLASS = YES_ERROR;
				CLANG_WARN_SUSPICIOUS_MOVES = YES;
				CLANG_WARN_UNREACHABLE_CODE = YES;
				CLANG_WARN__DUPLICATE_METHOD_MATCH = YES;
				"CODE_SIGN_IDENTITY[sdk=iphoneos*]" = "iPhone Developer";
				COPY_PHASE_STRIP = NO;
				DEBUG_INFORMATION_FORMAT = "dwarf-with-dsym";
				ENABLE_NS_ASSERTIONS = NO;
				ENABLE_STRICT_OBJC_MSGSEND = YES;
				GCC_C_LANGUAGE_STANDARD = gnu99;
				GCC_NO_COMMON_BLOCKS = YES;
				GCC_WARN_64_TO_32_BIT_CONVERSION = YES;
				GCC_WARN_ABOUT_RETURN_TYPE = YES_ERROR;
				GCC_WARN_UNDECLARED_SELECTOR = YES;
				GCC_WARN_UNINITIALIZED_AUTOS = YES_AGGRESSIVE;
				GCC_WARN_UNUSED_FUNCTION = YES;
				GCC_WARN_UNUSED_VARIABLE = YES;
				IPHONEOS_DEPLOYMENT_TARGET = 10.0;
				MTL_ENABLE_DEBUG_INFO = NO;
				SDKROOT = iphoneos;
				TARGETED_DEVICE_FAMILY = "1,2";
				VALIDATE_PRODUCT = YES;
			};
			name = Release;
		};
		3C7EAB9A1D8E827900803AC0 /* Debug */ = {
			isa = XCBuildConfiguration;
			baseConfigurationReference = 8D1C65F55864DFA11AD5DEE9 /* Pods-XYLoveFreshBeen.debug.xcconfig */;
			buildSettings = {
				ASSETCATALOG_COMPILER_APPICON_NAME = AppIcon;
				GCC_PRECOMPILE_PREFIX_HEADER = YES;
				GCC_PREFIX_HEADER = "$(SRCROOT)/XYLoveFreshBeen/PrefixHeader.pch";
				INFOPLIST_FILE = XYLoveFreshBeen/Info.plist;
				LD_RUNPATH_SEARCH_PATHS = "$(inherited) @executable_path/Frameworks";
				PRODUCT_BUNDLE_IDENTIFIER = xiaoyan.XYLoveFreshBeen;
				PRODUCT_NAME = "$(TARGET_NAME)";
			};
			name = Debug;
		};
		3C7EAB9B1D8E827900803AC0 /* Release */ = {
			isa = XCBuildConfiguration;
			baseConfigurationReference = 2671DB6BC5C200D095A02185 /* Pods-XYLoveFreshBeen.release.xcconfig */;
			buildSettings = {
				ASSETCATALOG_COMPILER_APPICON_NAME = AppIcon;
				GCC_PRECOMPILE_PREFIX_HEADER = YES;
				GCC_PREFIX_HEADER = "$(SRCROOT)/XYLoveFreshBeen/PrefixHeader.pch";
				INFOPLIST_FILE = XYLoveFreshBeen/Info.plist;
				LD_RUNPATH_SEARCH_PATHS = "$(inherited) @executable_path/Frameworks";
				PRODUCT_BUNDLE_IDENTIFIER = xiaoyan.XYLoveFreshBeen;
				PRODUCT_NAME = "$(TARGET_NAME)";
			};
			name = Release;
		};
		3C7EAB9D1D8E827900803AC0 /* Debug */ = {
			isa = XCBuildConfiguration;
			baseConfigurationReference = 69B9046792D482E42B58E2F3 /* Pods-XYLoveFreshBeenTests.debug.xcconfig */;
			buildSettings = {
				BUNDLE_LOADER = "$(TEST_HOST)";
				INFOPLIST_FILE = XYLoveFreshBeenTests/Info.plist;
				LD_RUNPATH_SEARCH_PATHS = "$(inherited) @executable_path/Frameworks @loader_path/Frameworks";
				PRODUCT_BUNDLE_IDENTIFIER = xiaoyan.XYLoveFreshBeenTests;
				PRODUCT_NAME = "$(TARGET_NAME)";
				TEST_HOST = "$(BUILT_PRODUCTS_DIR)/XYLoveFreshBeen.app/XYLoveFreshBeen";
			};
			name = Debug;
		};
		3C7EAB9E1D8E827900803AC0 /* Release */ = {
			isa = XCBuildConfiguration;
			baseConfigurationReference = E621F9CF908DA473B3CDCA45 /* Pods-XYLoveFreshBeenTests.release.xcconfig */;
			buildSettings = {
				BUNDLE_LOADER = "$(TEST_HOST)";
				INFOPLIST_FILE = XYLoveFreshBeenTests/Info.plist;
				LD_RUNPATH_SEARCH_PATHS = "$(inherited) @executable_path/Frameworks @loader_path/Frameworks";
				PRODUCT_BUNDLE_IDENTIFIER = xiaoyan.XYLoveFreshBeenTests;
				PRODUCT_NAME = "$(TARGET_NAME)";
				TEST_HOST = "$(BUILT_PRODUCTS_DIR)/XYLoveFreshBeen.app/XYLoveFreshBeen";
			};
			name = Release;
		};
		3C7EABA01D8E827900803AC0 /* Debug */ = {
			isa = XCBuildConfiguration;
			baseConfigurationReference = 6BFC1EE48BC8EE031D209173 /* Pods-XYLoveFreshBeenUITests.debug.xcconfig */;
			buildSettings = {
				INFOPLIST_FILE = XYLoveFreshBeenUITests/Info.plist;
				LD_RUNPATH_SEARCH_PATHS = "$(inherited) @executable_path/Frameworks @loader_path/Frameworks";
				PRODUCT_BUNDLE_IDENTIFIER = xiaoyan.XYLoveFreshBeenUITests;
				PRODUCT_NAME = "$(TARGET_NAME)";
				TEST_TARGET_NAME = XYLoveFreshBeen;
			};
			name = Debug;
		};
		3C7EABA11D8E827900803AC0 /* Release */ = {
			isa = XCBuildConfiguration;
			baseConfigurationReference = 322A0D2E94F1624098C5077D /* Pods-XYLoveFreshBeenUITests.release.xcconfig */;
			buildSettings = {
				INFOPLIST_FILE = XYLoveFreshBeenUITests/Info.plist;
				LD_RUNPATH_SEARCH_PATHS = "$(inherited) @executable_path/Frameworks @loader_path/Frameworks";
				PRODUCT_BUNDLE_IDENTIFIER = xiaoyan.XYLoveFreshBeenUITests;
				PRODUCT_NAME = "$(TARGET_NAME)";
				TEST_TARGET_NAME = XYLoveFreshBeen;
			};
			name = Release;
		};
/* End XCBuildConfiguration section */

/* Begin XCConfigurationList section */
		3C7EAB671D8E827900803AC0 /* Build configuration list for PBXProject "XYLoveFreshBeen" */ = {
			isa = XCConfigurationList;
			buildConfigurations = (
				3C7EAB971D8E827900803AC0 /* Debug */,
				3C7EAB981D8E827900803AC0 /* Release */,
			);
			defaultConfigurationIsVisible = 0;
			defaultConfigurationName = Release;
		};
		3C7EAB991D8E827900803AC0 /* Build configuration list for PBXNativeTarget "XYLoveFreshBeen" */ = {
			isa = XCConfigurationList;
			buildConfigurations = (
				3C7EAB9A1D8E827900803AC0 /* Debug */,
				3C7EAB9B1D8E827900803AC0 /* Release */,
			);
			defaultConfigurationIsVisible = 0;
			defaultConfigurationName = Release;
		};
		3C7EAB9C1D8E827900803AC0 /* Build configuration list for PBXNativeTarget "XYLoveFreshBeenTests" */ = {
			isa = XCConfigurationList;
			buildConfigurations = (
				3C7EAB9D1D8E827900803AC0 /* Debug */,
				3C7EAB9E1D8E827900803AC0 /* Release */,
			);
			defaultConfigurationIsVisible = 0;
			defaultConfigurationName = Release;
		};
		3C7EAB9F1D8E827900803AC0 /* Build configuration list for PBXNativeTarget "XYLoveFreshBeenUITests" */ = {
			isa = XCConfigurationList;
			buildConfigurations = (
				3C7EABA01D8E827900803AC0 /* Debug */,
				3C7EABA11D8E827900803AC0 /* Release */,
			);
			defaultConfigurationIsVisible = 0;
			defaultConfigurationName = Release;
		};
/* End XCConfigurationList section */
	};
	rootObject = 3C7EAB641D8E827900803AC0 /* Project object */;
}
